// !$*UTF8*$!
{
	archiveVersion = 1;
	classes = {
	};
	objectVersion = 55;
	objects = {

/* Begin PBXBuildFile section */
		133F868A29086DC400663815 /* ACPSuccesViewController.swift in Sources */ = {isa = PBXBuildFile; fileRef = 133F868929086DC400663815 /* ACPSuccesViewController.swift */; };
		133F868D29086E6E00663815 /* ApplyACPView.swift in Sources */ = {isa = PBXBuildFile; fileRef = 133F868C29086E6E00663815 /* ApplyACPView.swift */; };
		133F868F290870EC00663815 /* ApplyACPViewController.swift in Sources */ = {isa = PBXBuildFile; fileRef = 133F868E290870EC00663815 /* ApplyACPViewController.swift */; };
		133F86922908714E00663815 /* ApplyForServiceView.swift in Sources */ = {isa = PBXBuildFile; fileRef = 133F86912908714E00663815 /* ApplyForServiceView.swift */; };
		133F86942908715900663815 /* ApplyForServiceViewController.swift in Sources */ = {isa = PBXBuildFile; fileRef = 133F86932908715900663815 /* ApplyForServiceViewController.swift */; };
		1351CAB7296777CB00BF8C15 /* KYCDocumentViewModel.swift in Sources */ = {isa = PBXBuildFile; fileRef = 1351CAB6296777CB00BF8C15 /* KYCDocumentViewModel.swift */; };
		1351CABA2967979D00BF8C15 /* KYCDocumentsViewModel.swift in Sources */ = {isa = PBXBuildFile; fileRef = 1351CAB92967979D00BF8C15 /* KYCDocumentsViewModel.swift */; };
		13581443290F2B1500612D8B /* RequestCardViewController.swift in Sources */ = {isa = PBXBuildFile; fileRef = 13581442290F2B1500612D8B /* RequestCardViewController.swift */; };
		13BF542829104B1600C94201 /* RequestCardViewModel.swift in Sources */ = {isa = PBXBuildFile; fileRef = 13BF542729104B1600C94201 /* RequestCardViewModel.swift */; };
		400AB9F228FF7F6000A6DCB6 /* EligibilityDetailsNameViewController.swift in Sources */ = {isa = PBXBuildFile; fileRef = 400AB99528FF7F5F00A6DCB6 /* EligibilityDetailsNameViewController.swift */; };
		400AB9F328FF7F6000A6DCB6 /* EligibilityDetailsDOBViewController.swift in Sources */ = {isa = PBXBuildFile; fileRef = 400AB99628FF7F5F00A6DCB6 /* EligibilityDetailsDOBViewController.swift */; };
		400AB9F428FF7F6000A6DCB6 /* EligibilityDetailsAddressViewController.swift in Sources */ = {isa = PBXBuildFile; fileRef = 400AB99728FF7F5F00A6DCB6 /* EligibilityDetailsAddressViewController.swift */; };
		400AB9F528FF7F6000A6DCB6 /* EligibilityFailViewController.swift in Sources */ = {isa = PBXBuildFile; fileRef = 400AB99828FF7F5F00A6DCB6 /* EligibilityFailViewController.swift */; };
		400AB9F628FF7F6000A6DCB6 /* EligibilitySuccessViewController.swift in Sources */ = {isa = PBXBuildFile; fileRef = 400AB99928FF7F5F00A6DCB6 /* EligibilitySuccessViewController.swift */; };
		400AB9F728FF7F6000A6DCB6 /* EligibilityVerifyViewController.swift in Sources */ = {isa = PBXBuildFile; fileRef = 400AB99A28FF7F5F00A6DCB6 /* EligibilityVerifyViewController.swift */; };
		400AB9F828FF7F6000A6DCB6 /* EligibilityDetailsViewController.swift in Sources */ = {isa = PBXBuildFile; fileRef = 400AB99B28FF7F5F00A6DCB6 /* EligibilityDetailsViewController.swift */; };
		400ABA0228FF7F6000A6DCB6 /* ACPHomeScreenEligibilityHeaderView.swift in Sources */ = {isa = PBXBuildFile; fileRef = 400AB9B028FF7F5F00A6DCB6 /* ACPHomeScreenEligibilityHeaderView.swift */; };
		400ABA0328FF7F6000A6DCB6 /* ACPHomeScreenProgramCell.swift in Sources */ = {isa = PBXBuildFile; fileRef = 400AB9B128FF7F5F00A6DCB6 /* ACPHomeScreenProgramCell.swift */; };
		400ABA0428FF7F6000A6DCB6 /* ACPHomeScreenViewController.swift in Sources */ = {isa = PBXBuildFile; fileRef = 400AB9B228FF7F5F00A6DCB6 /* ACPHomeScreenViewController.swift */; };
		400ABA0528FF7F6000A6DCB6 /* ACPHomeScreenHeaderView.swift in Sources */ = {isa = PBXBuildFile; fileRef = 400AB9B328FF7F5F00A6DCB6 /* ACPHomeScreenHeaderView.swift */; };
		400ABA0628FF7F6000A6DCB6 /* UIResponder+ACP.swift in Sources */ = {isa = PBXBuildFile; fileRef = 400AB9B528FF7F6000A6DCB6 /* UIResponder+ACP.swift */; };
		400ABA0728FF7F6000A6DCB6 /* UITextField+ACP.swift in Sources */ = {isa = PBXBuildFile; fileRef = 400AB9B628FF7F6000A6DCB6 /* UITextField+ACP.swift */; };
		400ABA0828FF7F6000A6DCB6 /* UITableView+ACP.swift in Sources */ = {isa = PBXBuildFile; fileRef = 400AB9B728FF7F6000A6DCB6 /* UITableView+ACP.swift */; };
		400ABA0928FF7F6000A6DCB6 /* UICollectionView+ACP.swift in Sources */ = {isa = PBXBuildFile; fileRef = 400AB9B828FF7F6000A6DCB6 /* UICollectionView+ACP.swift */; };
		400ABA0B28FF7F6000A6DCB6 /* NSMutableParagraphStyle+ACP.swift in Sources */ = {isa = PBXBuildFile; fileRef = 400AB9BA28FF7F6000A6DCB6 /* NSMutableParagraphStyle+ACP.swift */; };
		400ABA0C28FF7F6000A6DCB6 /* UIViewController+ACP.swift in Sources */ = {isa = PBXBuildFile; fileRef = 400AB9BB28FF7F6000A6DCB6 /* UIViewController+ACP.swift */; };
		400ABA0D28FF7F6000A6DCB6 /* UITapGestureRecognizer+ACP.swift in Sources */ = {isa = PBXBuildFile; fileRef = 400AB9BC28FF7F6000A6DCB6 /* UITapGestureRecognizer+ACP.swift */; };
		400ABA0E28FF7F6000A6DCB6 /* UIColor+ACP.swift in Sources */ = {isa = PBXBuildFile; fileRef = 400AB9BD28FF7F6000A6DCB6 /* UIColor+ACP.swift */; };
		400ABA0F28FF7F6000A6DCB6 /* String+ACP.swift in Sources */ = {isa = PBXBuildFile; fileRef = 400AB9BE28FF7F6000A6DCB6 /* String+ACP.swift */; };
		400ABA1028FF7F6000A6DCB6 /* AppDelegate.swift in Sources */ = {isa = PBXBuildFile; fileRef = 400AB9C028FF7F6000A6DCB6 /* AppDelegate.swift */; };
		400ABA2028FF7F6000A6DCB6 /* KYCVerifyEmailCodeView.swift in Sources */ = {isa = PBXBuildFile; fileRef = 400AB9DA28FF7F6000A6DCB6 /* KYCVerifyEmailCodeView.swift */; };
		400ABA2128FF7F6000A6DCB6 /* KYCVerifyEmailViewController.swift in Sources */ = {isa = PBXBuildFile; fileRef = 400AB9DB28FF7F6000A6DCB6 /* KYCVerifyEmailViewController.swift */; };
		400ABA2228FF7F6000A6DCB6 /* KYCVerifyEmailKeyboardView.swift in Sources */ = {isa = PBXBuildFile; fileRef = 400AB9DC28FF7F6000A6DCB6 /* KYCVerifyEmailKeyboardView.swift */; };
		400ABA2328FF7F6000A6DCB6 /* KYCPersonalInfoDetailsViewController.swift in Sources */ = {isa = PBXBuildFile; fileRef = 400AB9DD28FF7F6000A6DCB6 /* KYCPersonalInfoDetailsViewController.swift */; };
		400ABA2428FF7F6000A6DCB6 /* KYCIdentityProofViewController.swift in Sources */ = {isa = PBXBuildFile; fileRef = 400AB9DF28FF7F6000A6DCB6 /* KYCIdentityProofViewController.swift */; };
		400ABA2528FF7F6000A6DCB6 /* KYCSelfieViewController.swift in Sources */ = {isa = PBXBuildFile; fileRef = 400AB9E028FF7F6000A6DCB6 /* KYCSelfieViewController.swift */; };
		400ABA2628FF7F6000A6DCB6 /* KYCScanIDViewController.swift in Sources */ = {isa = PBXBuildFile; fileRef = 400AB9E128FF7F6000A6DCB6 /* KYCScanIDViewController.swift */; };
		400ABA2728FF7F6000A6DCB6 /* KYCVerificationViewController.swift in Sources */ = {isa = PBXBuildFile; fileRef = 400AB9E228FF7F6000A6DCB6 /* KYCVerificationViewController.swift */; };
		400ABA2828FF7F6000A6DCB6 /* KYCCheckCompleteViewController.swift in Sources */ = {isa = PBXBuildFile; fileRef = 400AB9E328FF7F6000A6DCB6 /* KYCCheckCompleteViewController.swift */; };
		400ABA2928FF7F6000A6DCB6 /* KYCBankInfoViewController.swift in Sources */ = {isa = PBXBuildFile; fileRef = 400AB9E428FF7F6000A6DCB6 /* KYCBankInfoViewController.swift */; };
		400ABA2B28FF7F6000A6DCB6 /* KYCRegistrationBaseViewController.swift in Sources */ = {isa = PBXBuildFile; fileRef = 400AB9E628FF7F6000A6DCB6 /* KYCRegistrationBaseViewController.swift */; };
		400ABA2E28FF7F6000A6DCB6 /* Router.swift in Sources */ = {isa = PBXBuildFile; fileRef = 400AB9EB28FF7F6000A6DCB6 /* Router.swift */; };
		400ABA2F28FF7F6000A6DCB6 /* Endpoint.swift in Sources */ = {isa = PBXBuildFile; fileRef = 400AB9EC28FF7F6000A6DCB6 /* Endpoint.swift */; };
		400ABA352900413D00A6DCB6 /* KYCRegistrationCompleteViewController.swift in Sources */ = {isa = PBXBuildFile; fileRef = 400ABA342900413D00A6DCB6 /* KYCRegistrationCompleteViewController.swift */; };
		4013FADE29083DB00018025F /* ACPCardSuccessViewController.swift in Sources */ = {isa = PBXBuildFile; fileRef = 4013FADD29083DB00018025F /* ACPCardSuccessViewController.swift */; };
		4013FAE12908427F0018025F /* ACPEmptyWalletViewController.swift in Sources */ = {isa = PBXBuildFile; fileRef = 4013FAE02908427F0018025F /* ACPEmptyWalletViewController.swift */; };
		4013FAE32908428A0018025F /* ACPWalletViewController.swift in Sources */ = {isa = PBXBuildFile; fileRef = 4013FAE22908428A0018025F /* ACPWalletViewController.swift */; };
		4013FAE7290844380018025F /* ACPEmptyWalletBalanceView.swift in Sources */ = {isa = PBXBuildFile; fileRef = 4013FAE6290844380018025F /* ACPEmptyWalletBalanceView.swift */; };
		4013FAEA29085B220018025F /* ACPDebitCardView.swift in Sources */ = {isa = PBXBuildFile; fileRef = 4013FAE929085B220018025F /* ACPDebitCardView.swift */; };
		4013FAEC290892810018025F /* UIButton+ACP.swift in Sources */ = {isa = PBXBuildFile; fileRef = 4013FAEB290892810018025F /* UIButton+ACP.swift */; };
		4013FAEE2908A3A30018025F /* UINavigationController+ACP.swift in Sources */ = {isa = PBXBuildFile; fileRef = 4013FAED2908A3A30018025F /* UINavigationController+ACP.swift */; };
		40251D41290CD2840083B89A /* ACPCardModel.swift in Sources */ = {isa = PBXBuildFile; fileRef = 40251D40290CD2840083B89A /* ACPCardModel.swift */; };
		40251D44290DE04C0083B89A /* ACPTransactionsViewController.swift in Sources */ = {isa = PBXBuildFile; fileRef = 40251D43290DE04C0083B89A /* ACPTransactionsViewController.swift */; };
		40251D46290DE0710083B89A /* ACPTransactionsCell.swift in Sources */ = {isa = PBXBuildFile; fileRef = 40251D45290DE0710083B89A /* ACPTransactionsCell.swift */; };
		403AD22029075B0600C6D556 /* ACPHomeScreenTabViewController.swift in Sources */ = {isa = PBXBuildFile; fileRef = 403AD21F29075B0600C6D556 /* ACPHomeScreenTabViewController.swift */; };
		403AD22329075B6400C6D556 /* ACPHomeScreenTabViewModel.swift in Sources */ = {isa = PBXBuildFile; fileRef = 403AD22229075B6400C6D556 /* ACPHomeScreenTabViewModel.swift */; };
		404A89F5294E4AE900266334 /* UIStackView+ACP.swift in Sources */ = {isa = PBXBuildFile; fileRef = 404A89F4294E4AE900266334 /* UIStackView+ACP.swift */; };
		404A8A00294E61B700266334 /* UIAlertController+ACP.swift in Sources */ = {isa = PBXBuildFile; fileRef = 404A89FF294E61B700266334 /* UIAlertController+ACP.swift */; };
		404A8A14294F938F00266334 /* EligibilityDetailsViewModel.swift in Sources */ = {isa = PBXBuildFile; fileRef = 404A8A09294F938F00266334 /* EligibilityDetailsViewModel.swift */; };
		404A8A15294F938F00266334 /* EligibilityCoordinator.swift in Sources */ = {isa = PBXBuildFile; fileRef = 404A8A0B294F938F00266334 /* EligibilityCoordinator.swift */; };
		404A8A16294F938F00266334 /* EligibilityResponse.swift in Sources */ = {isa = PBXBuildFile; fileRef = 404A8A0D294F938F00266334 /* EligibilityResponse.swift */; };
		404A8A17294F938F00266334 /* EligibilityService.swift in Sources */ = {isa = PBXBuildFile; fileRef = 404A8A0F294F938F00266334 /* EligibilityService.swift */; };
		404A8A18294F938F00266334 /* EligibilityServiceEndpoint.swift in Sources */ = {isa = PBXBuildFile; fileRef = 404A8A10294F938F00266334 /* EligibilityServiceEndpoint.swift */; };
		404A8A1B294F94FD00266334 /* AppCoordinator.swift in Sources */ = {isa = PBXBuildFile; fileRef = 404A8A1A294F94FD00266334 /* AppCoordinator.swift */; };
		404A8A1D294F955E00266334 /* Coordinator.swift in Sources */ = {isa = PBXBuildFile; fileRef = 404A8A1C294F955E00266334 /* Coordinator.swift */; };
		404A8A20294F975F00266334 /* EligibilityModel.swift in Sources */ = {isa = PBXBuildFile; fileRef = 404A8A1F294F975F00266334 /* EligibilityModel.swift */; };
		404A8A30294F979800266334 /* WelcomeViewModel.swift in Sources */ = {isa = PBXBuildFile; fileRef = 404A8A25294F979800266334 /* WelcomeViewModel.swift */; };
		404A8A31294F979800266334 /* WelcomeCoordinator.swift in Sources */ = {isa = PBXBuildFile; fileRef = 404A8A27294F979800266334 /* WelcomeCoordinator.swift */; };
		404A8A35294F979800266334 /* WelcomeViewController.swift in Sources */ = {isa = PBXBuildFile; fileRef = 404A8A2F294F979800266334 /* WelcomeViewController.swift */; };
		404A8A37294F994A00266334 /* TermsViewController.swift in Sources */ = {isa = PBXBuildFile; fileRef = 404A8A36294F994A00266334 /* TermsViewController.swift */; };
		404A8A39294F99BE00266334 /* LandingViewController.swift in Sources */ = {isa = PBXBuildFile; fileRef = 404A8A38294F99BE00266334 /* LandingViewController.swift */; };
		404A8A3B294F9F8C00266334 /* EligibilityCheckViewController.swift in Sources */ = {isa = PBXBuildFile; fileRef = 404A8A3A294F9F8C00266334 /* EligibilityCheckViewController.swift */; };
		404A8A3D294FAD3800266334 /* EligibilityZipCodeViewController.swift in Sources */ = {isa = PBXBuildFile; fileRef = 404A8A3C294FAD3800266334 /* EligibilityZipCodeViewController.swift */; };
		404A8A40294FB1A100266334 /* EligibilityVerifyViewModel.swift in Sources */ = {isa = PBXBuildFile; fileRef = 404A8A3F294FB1A100266334 /* EligibilityVerifyViewModel.swift */; };
		404A8A42294FBB9800266334 /* EligibilitySuccessViewModel.swift in Sources */ = {isa = PBXBuildFile; fileRef = 404A8A41294FBB9800266334 /* EligibilitySuccessViewModel.swift */; };
		404A8A44294FBBA800266334 /* EligibilityFailViewModel.swift in Sources */ = {isa = PBXBuildFile; fileRef = 404A8A43294FBBA800266334 /* EligibilityFailViewModel.swift */; };
		404A8A46294FD93300266334 /* EligibilityRegistrationViewController.swift in Sources */ = {isa = PBXBuildFile; fileRef = 404A8A45294FD93300266334 /* EligibilityRegistrationViewController.swift */; };
		404A8A48294FDB3600266334 /* EligibilityRegistrationViewModel.swift in Sources */ = {isa = PBXBuildFile; fileRef = 404A8A47294FDB3600266334 /* EligibilityRegistrationViewModel.swift */; };
		404A8A4A294FF63500266334 /* EligibilityRegistrationSuccessViewController.swift in Sources */ = {isa = PBXBuildFile; fileRef = 404A8A49294FF63500266334 /* EligibilityRegistrationSuccessViewController.swift */; };
		404A8A4C294FF6DC00266334 /* EligibilityRegistrationSuccessViewModel.swift in Sources */ = {isa = PBXBuildFile; fileRef = 404A8A4B294FF6DC00266334 /* EligibilityRegistrationSuccessViewModel.swift */; };
		404A8A4E294FF92500266334 /* EligibilityRegistrationResponse.swift in Sources */ = {isa = PBXBuildFile; fileRef = 404A8A4D294FF92500266334 /* EligibilityRegistrationResponse.swift */; };
		404A8A5E294FFF5400266334 /* LoginViewModel.swift in Sources */ = {isa = PBXBuildFile; fileRef = 404A8A53294FFF5400266334 /* LoginViewModel.swift */; };
		404A8A5F294FFF5400266334 /* LoginCoordinator.swift in Sources */ = {isa = PBXBuildFile; fileRef = 404A8A55294FFF5400266334 /* LoginCoordinator.swift */; };
		404A8A60294FFF5400266334 /* LoginResponse.swift in Sources */ = {isa = PBXBuildFile; fileRef = 404A8A57294FFF5400266334 /* LoginResponse.swift */; };
		404A8A61294FFF5400266334 /* LoginServiceEndpoint.swift in Sources */ = {isa = PBXBuildFile; fileRef = 404A8A59294FFF5400266334 /* LoginServiceEndpoint.swift */; };
		404A8A62294FFF5400266334 /* LoginService.swift in Sources */ = {isa = PBXBuildFile; fileRef = 404A8A5A294FFF5400266334 /* LoginService.swift */; };
		404A8A63294FFF5400266334 /* LoginViewController.swift in Sources */ = {isa = PBXBuildFile; fileRef = 404A8A5D294FFF5400266334 /* LoginViewController.swift */; };
		404A8A6529500C7200266334 /* EligibilityZipCodeViewModel.swift in Sources */ = {isa = PBXBuildFile; fileRef = 404A8A6429500C7200266334 /* EligibilityZipCodeViewModel.swift */; };
		404A8A6829500F1500266334 /* EligibilityZipCodeView.swift in Sources */ = {isa = PBXBuildFile; fileRef = 404A8A6729500F1500266334 /* EligibilityZipCodeView.swift */; };
		404A8A792950134300266334 /* KYCCoordinator.swift in Sources */ = {isa = PBXBuildFile; fileRef = 404A8A6F2950134300266334 /* KYCCoordinator.swift */; };
		404A8A7A2950134300266334 /* KYCVerifyEmailResponse.swift in Sources */ = {isa = PBXBuildFile; fileRef = 404A8A712950134300266334 /* KYCVerifyEmailResponse.swift */; };
		404A8A7B2950134300266334 /* KYCService.swift in Sources */ = {isa = PBXBuildFile; fileRef = 404A8A732950134300266334 /* KYCService.swift */; };
		404A8A7C2950134300266334 /* KYCServiceEndpoint.swift in Sources */ = {isa = PBXBuildFile; fileRef = 404A8A742950134300266334 /* KYCServiceEndpoint.swift */; };
		408E06982957D57E00F0F96C /* LoginData.swift in Sources */ = {isa = PBXBuildFile; fileRef = 408E06972957D57E00F0F96C /* LoginData.swift */; };
		408E06AA2957FE0900F0F96C /* TabMenuImageCell.swift in Sources */ = {isa = PBXBuildFile; fileRef = 408E069B2957FE0900F0F96C /* TabMenuImageCell.swift */; };
		408E06AB2957FE0900F0F96C /* TabMenuDotCell.swift in Sources */ = {isa = PBXBuildFile; fileRef = 408E069C2957FE0900F0F96C /* TabMenuDotCell.swift */; };
		408E06AC2957FE0900F0F96C /* TabMenuTitleCell.swift in Sources */ = {isa = PBXBuildFile; fileRef = 408E069D2957FE0900F0F96C /* TabMenuTitleCell.swift */; };
		408E06AD2957FE0900F0F96C /* TabMenuViewController.swift in Sources */ = {isa = PBXBuildFile; fileRef = 408E069E2957FE0900F0F96C /* TabMenuViewController.swift */; };
		408E06AE2957FE0900F0F96C /* FocusableView.swift in Sources */ = {isa = PBXBuildFile; fileRef = 408E069F2957FE0900F0F96C /* FocusableView.swift */; };
		408E06AF2957FE0900F0F96C /* PickerView.swift in Sources */ = {isa = PBXBuildFile; fileRef = 408E06A12957FE0900F0F96C /* PickerView.swift */; };
		408E06B02957FE0900F0F96C /* CircleLoadingBarView.swift in Sources */ = {isa = PBXBuildFile; fileRef = 408E06A22957FE0900F0F96C /* CircleLoadingBarView.swift */; };
		408E06B12957FE0900F0F96C /* ShadowButton.swift in Sources */ = {isa = PBXBuildFile; fileRef = 408E06A32957FE0900F0F96C /* ShadowButton.swift */; };
		408E06B22957FE0900F0F96C /* ImageButton.swift in Sources */ = {isa = PBXBuildFile; fileRef = 408E06A42957FE0900F0F96C /* ImageButton.swift */; };
		408E06B32957FE0900F0F96C /* TermsAndPrivacyLabel.swift in Sources */ = {isa = PBXBuildFile; fileRef = 408E06A52957FE0900F0F96C /* TermsAndPrivacyLabel.swift */; };
		408E06B42957FE0900F0F96C /* TableView.swift in Sources */ = {isa = PBXBuildFile; fileRef = 408E06A62957FE0900F0F96C /* TableView.swift */; };
		408E06B52957FE0900F0F96C /* TextField.swift in Sources */ = {isa = PBXBuildFile; fileRef = 408E06A72957FE0900F0F96C /* TextField.swift */; };
		408E06B62957FE0900F0F96C /* BorderedView.swift in Sources */ = {isa = PBXBuildFile; fileRef = 408E06A82957FE0900F0F96C /* BorderedView.swift */; };
		408E06B72957FE0900F0F96C /* NavigationController.swift in Sources */ = {isa = PBXBuildFile; fileRef = 408E06A92957FE0900F0F96C /* NavigationController.swift */; };
		408E06B92957FF7A00F0F96C /* KYCRegistrationStartViewController.swift in Sources */ = {isa = PBXBuildFile; fileRef = 408E06B82957FF7A00F0F96C /* KYCRegistrationStartViewController.swift */; };
		408E06BB2958004D00F0F96C /* KYCRegistrationStartViewModel.swift in Sources */ = {isa = PBXBuildFile; fileRef = 408E06BA2958004D00F0F96C /* KYCRegistrationStartViewModel.swift */; };
		408E06BE295802FB00F0F96C /* KYCRegistrationViewModel.swift in Sources */ = {isa = PBXBuildFile; fileRef = 408E06BD295802FB00F0F96C /* KYCRegistrationViewModel.swift */; };
		408E06C02958B5B500F0F96C /* KYCModel.swift in Sources */ = {isa = PBXBuildFile; fileRef = 408E06BF2958B5B500F0F96C /* KYCModel.swift */; };
		408E06D9295BCB4800F0F96C /* KYCVerifyEmailData.swift in Sources */ = {isa = PBXBuildFile; fileRef = 408E06D8295BCB4800F0F96C /* KYCVerifyEmailData.swift */; };
		408E06DC295BD53C00F0F96C /* KYCRegisterResponse.swift in Sources */ = {isa = PBXBuildFile; fileRef = 408E06DB295BD53C00F0F96C /* KYCRegisterResponse.swift */; };
		408E06DE295BD58800F0F96C /* KYCRegisterData.swift in Sources */ = {isa = PBXBuildFile; fileRef = 408E06DD295BD58800F0F96C /* KYCRegisterData.swift */; };
		408E06E0295BD91100F0F96C /* KYCRegistrationCompleteViewModel.swift in Sources */ = {isa = PBXBuildFile; fileRef = 408E06DF295BD91100F0F96C /* KYCRegistrationCompleteViewModel.swift */; };
		408E06E3295BDD7600F0F96C /* AuthManager.swift in Sources */ = {isa = PBXBuildFile; fileRef = 408E06E2295BDD7600F0F96C /* AuthManager.swift */; };
		40B5EDD828E224F40096B91B /* Assets.xcassets in Resources */ = {isa = PBXBuildFile; fileRef = 40B5EDD728E224F40096B91B /* Assets.xcassets */; };
		40B5EDDB28E224F40096B91B /* LaunchScreen.storyboard in Resources */ = {isa = PBXBuildFile; fileRef = 40B5EDD928E224F40096B91B /* LaunchScreen.storyboard */; };
		40EDB816290EF4FC007E0255 /* GoogleService-Info.plist in Resources */ = {isa = PBXBuildFile; fileRef = 40EDB815290EF4FC007E0255 /* GoogleService-Info.plist */; };
		40EE2CB028E4AC5B0028888D /* Colors.xcassets in Resources */ = {isa = PBXBuildFile; fileRef = 40EE2CAF28E4AC5B0028888D /* Colors.xcassets */; };
		CE62E30128EA64D20000833B /* Localizable.strings in Resources */ = {isa = PBXBuildFile; fileRef = CE62E30028EA64D20000833B /* Localizable.strings */; };
		FF3F59D25D870A8B465A1AB4 /* Pods_ACP_mobile.framework in Frameworks */ = {isa = PBXBuildFile; fileRef = 0EA43A30C610F68C5A06DD99 /* Pods_ACP_mobile.framework */; };
/* End PBXBuildFile section */

/* Begin PBXFileReference section */
		0EA43A30C610F68C5A06DD99 /* Pods_ACP_mobile.framework */ = {isa = PBXFileReference; explicitFileType = wrapper.framework; includeInIndex = 0; path = Pods_ACP_mobile.framework; sourceTree = BUILT_PRODUCTS_DIR; };
		1301AD36DE072905C940D450 /* Pods-ACP-mobile.release.xcconfig */ = {isa = PBXFileReference; includeInIndex = 1; lastKnownFileType = text.xcconfig; name = "Pods-ACP-mobile.release.xcconfig"; path = "Target Support Files/Pods-ACP-mobile/Pods-ACP-mobile.release.xcconfig"; sourceTree = "<group>"; };
		133F868929086DC400663815 /* ACPSuccesViewController.swift */ = {isa = PBXFileReference; lastKnownFileType = sourcecode.swift; path = ACPSuccesViewController.swift; sourceTree = "<group>"; };
		133F868C29086E6E00663815 /* ApplyACPView.swift */ = {isa = PBXFileReference; lastKnownFileType = sourcecode.swift; path = ApplyACPView.swift; sourceTree = "<group>"; };
		133F868E290870EC00663815 /* ApplyACPViewController.swift */ = {isa = PBXFileReference; lastKnownFileType = sourcecode.swift; path = ApplyACPViewController.swift; sourceTree = "<group>"; };
		133F86912908714E00663815 /* ApplyForServiceView.swift */ = {isa = PBXFileReference; lastKnownFileType = sourcecode.swift; path = ApplyForServiceView.swift; sourceTree = "<group>"; };
		133F86932908715900663815 /* ApplyForServiceViewController.swift */ = {isa = PBXFileReference; lastKnownFileType = sourcecode.swift; path = ApplyForServiceViewController.swift; sourceTree = "<group>"; };
		1351CAB6296777CB00BF8C15 /* KYCDocumentViewModel.swift */ = {isa = PBXFileReference; lastKnownFileType = sourcecode.swift; path = KYCDocumentViewModel.swift; sourceTree = "<group>"; };
		1351CAB92967979D00BF8C15 /* KYCDocumentsViewModel.swift */ = {isa = PBXFileReference; lastKnownFileType = sourcecode.swift; path = KYCDocumentsViewModel.swift; sourceTree = "<group>"; };
		13581442290F2B1500612D8B /* RequestCardViewController.swift */ = {isa = PBXFileReference; lastKnownFileType = sourcecode.swift; path = RequestCardViewController.swift; sourceTree = "<group>"; };
		13BF542729104B1600C94201 /* RequestCardViewModel.swift */ = {isa = PBXFileReference; lastKnownFileType = sourcecode.swift; path = RequestCardViewModel.swift; sourceTree = "<group>"; };
		400AB99528FF7F5F00A6DCB6 /* EligibilityDetailsNameViewController.swift */ = {isa = PBXFileReference; fileEncoding = 4; lastKnownFileType = sourcecode.swift; path = EligibilityDetailsNameViewController.swift; sourceTree = "<group>"; };
		400AB99628FF7F5F00A6DCB6 /* EligibilityDetailsDOBViewController.swift */ = {isa = PBXFileReference; fileEncoding = 4; lastKnownFileType = sourcecode.swift; path = EligibilityDetailsDOBViewController.swift; sourceTree = "<group>"; };
		400AB99728FF7F5F00A6DCB6 /* EligibilityDetailsAddressViewController.swift */ = {isa = PBXFileReference; fileEncoding = 4; lastKnownFileType = sourcecode.swift; path = EligibilityDetailsAddressViewController.swift; sourceTree = "<group>"; };
		400AB99828FF7F5F00A6DCB6 /* EligibilityFailViewController.swift */ = {isa = PBXFileReference; fileEncoding = 4; lastKnownFileType = sourcecode.swift; path = EligibilityFailViewController.swift; sourceTree = "<group>"; };
		400AB99928FF7F5F00A6DCB6 /* EligibilitySuccessViewController.swift */ = {isa = PBXFileReference; fileEncoding = 4; lastKnownFileType = sourcecode.swift; path = EligibilitySuccessViewController.swift; sourceTree = "<group>"; };
		400AB99A28FF7F5F00A6DCB6 /* EligibilityVerifyViewController.swift */ = {isa = PBXFileReference; fileEncoding = 4; lastKnownFileType = sourcecode.swift; path = EligibilityVerifyViewController.swift; sourceTree = "<group>"; };
		400AB99B28FF7F5F00A6DCB6 /* EligibilityDetailsViewController.swift */ = {isa = PBXFileReference; fileEncoding = 4; lastKnownFileType = sourcecode.swift; path = EligibilityDetailsViewController.swift; sourceTree = "<group>"; };
		400AB9B028FF7F5F00A6DCB6 /* ACPHomeScreenEligibilityHeaderView.swift */ = {isa = PBXFileReference; fileEncoding = 4; lastKnownFileType = sourcecode.swift; path = ACPHomeScreenEligibilityHeaderView.swift; sourceTree = "<group>"; };
		400AB9B128FF7F5F00A6DCB6 /* ACPHomeScreenProgramCell.swift */ = {isa = PBXFileReference; fileEncoding = 4; lastKnownFileType = sourcecode.swift; path = ACPHomeScreenProgramCell.swift; sourceTree = "<group>"; };
		400AB9B228FF7F5F00A6DCB6 /* ACPHomeScreenViewController.swift */ = {isa = PBXFileReference; fileEncoding = 4; lastKnownFileType = sourcecode.swift; path = ACPHomeScreenViewController.swift; sourceTree = "<group>"; };
		400AB9B328FF7F5F00A6DCB6 /* ACPHomeScreenHeaderView.swift */ = {isa = PBXFileReference; fileEncoding = 4; lastKnownFileType = sourcecode.swift; path = ACPHomeScreenHeaderView.swift; sourceTree = "<group>"; };
		400AB9B528FF7F6000A6DCB6 /* UIResponder+ACP.swift */ = {isa = PBXFileReference; fileEncoding = 4; lastKnownFileType = sourcecode.swift; path = "UIResponder+ACP.swift"; sourceTree = "<group>"; };
		400AB9B628FF7F6000A6DCB6 /* UITextField+ACP.swift */ = {isa = PBXFileReference; fileEncoding = 4; lastKnownFileType = sourcecode.swift; path = "UITextField+ACP.swift"; sourceTree = "<group>"; };
		400AB9B728FF7F6000A6DCB6 /* UITableView+ACP.swift */ = {isa = PBXFileReference; fileEncoding = 4; lastKnownFileType = sourcecode.swift; path = "UITableView+ACP.swift"; sourceTree = "<group>"; };
		400AB9B828FF7F6000A6DCB6 /* UICollectionView+ACP.swift */ = {isa = PBXFileReference; fileEncoding = 4; lastKnownFileType = sourcecode.swift; path = "UICollectionView+ACP.swift"; sourceTree = "<group>"; };
		400AB9BA28FF7F6000A6DCB6 /* NSMutableParagraphStyle+ACP.swift */ = {isa = PBXFileReference; fileEncoding = 4; lastKnownFileType = sourcecode.swift; path = "NSMutableParagraphStyle+ACP.swift"; sourceTree = "<group>"; };
		400AB9BB28FF7F6000A6DCB6 /* UIViewController+ACP.swift */ = {isa = PBXFileReference; fileEncoding = 4; lastKnownFileType = sourcecode.swift; path = "UIViewController+ACP.swift"; sourceTree = "<group>"; };
		400AB9BC28FF7F6000A6DCB6 /* UITapGestureRecognizer+ACP.swift */ = {isa = PBXFileReference; fileEncoding = 4; lastKnownFileType = sourcecode.swift; path = "UITapGestureRecognizer+ACP.swift"; sourceTree = "<group>"; };
		400AB9BD28FF7F6000A6DCB6 /* UIColor+ACP.swift */ = {isa = PBXFileReference; fileEncoding = 4; lastKnownFileType = sourcecode.swift; path = "UIColor+ACP.swift"; sourceTree = "<group>"; };
		400AB9BE28FF7F6000A6DCB6 /* String+ACP.swift */ = {isa = PBXFileReference; fileEncoding = 4; lastKnownFileType = sourcecode.swift; path = "String+ACP.swift"; sourceTree = "<group>"; };
		400AB9C028FF7F6000A6DCB6 /* AppDelegate.swift */ = {isa = PBXFileReference; fileEncoding = 4; lastKnownFileType = sourcecode.swift; path = AppDelegate.swift; sourceTree = "<group>"; };
		400AB9DA28FF7F6000A6DCB6 /* KYCVerifyEmailCodeView.swift */ = {isa = PBXFileReference; fileEncoding = 4; lastKnownFileType = sourcecode.swift; path = KYCVerifyEmailCodeView.swift; sourceTree = "<group>"; };
		400AB9DB28FF7F6000A6DCB6 /* KYCVerifyEmailViewController.swift */ = {isa = PBXFileReference; fileEncoding = 4; lastKnownFileType = sourcecode.swift; path = KYCVerifyEmailViewController.swift; sourceTree = "<group>"; };
		400AB9DC28FF7F6000A6DCB6 /* KYCVerifyEmailKeyboardView.swift */ = {isa = PBXFileReference; fileEncoding = 4; lastKnownFileType = sourcecode.swift; path = KYCVerifyEmailKeyboardView.swift; sourceTree = "<group>"; };
		400AB9DD28FF7F6000A6DCB6 /* KYCPersonalInfoDetailsViewController.swift */ = {isa = PBXFileReference; fileEncoding = 4; lastKnownFileType = sourcecode.swift; path = KYCPersonalInfoDetailsViewController.swift; sourceTree = "<group>"; };
		400AB9DF28FF7F6000A6DCB6 /* KYCIdentityProofViewController.swift */ = {isa = PBXFileReference; fileEncoding = 4; lastKnownFileType = sourcecode.swift; path = KYCIdentityProofViewController.swift; sourceTree = "<group>"; };
		400AB9E028FF7F6000A6DCB6 /* KYCSelfieViewController.swift */ = {isa = PBXFileReference; fileEncoding = 4; lastKnownFileType = sourcecode.swift; path = KYCSelfieViewController.swift; sourceTree = "<group>"; };
		400AB9E128FF7F6000A6DCB6 /* KYCScanIDViewController.swift */ = {isa = PBXFileReference; fileEncoding = 4; lastKnownFileType = sourcecode.swift; path = KYCScanIDViewController.swift; sourceTree = "<group>"; };
		400AB9E228FF7F6000A6DCB6 /* KYCVerificationViewController.swift */ = {isa = PBXFileReference; fileEncoding = 4; lastKnownFileType = sourcecode.swift; path = KYCVerificationViewController.swift; sourceTree = "<group>"; };
		400AB9E328FF7F6000A6DCB6 /* KYCCheckCompleteViewController.swift */ = {isa = PBXFileReference; fileEncoding = 4; lastKnownFileType = sourcecode.swift; path = KYCCheckCompleteViewController.swift; sourceTree = "<group>"; };
		400AB9E428FF7F6000A6DCB6 /* KYCBankInfoViewController.swift */ = {isa = PBXFileReference; fileEncoding = 4; lastKnownFileType = sourcecode.swift; path = KYCBankInfoViewController.swift; sourceTree = "<group>"; };
		400AB9E628FF7F6000A6DCB6 /* KYCRegistrationBaseViewController.swift */ = {isa = PBXFileReference; fileEncoding = 4; lastKnownFileType = sourcecode.swift; path = KYCRegistrationBaseViewController.swift; sourceTree = "<group>"; };
		400AB9EB28FF7F6000A6DCB6 /* Router.swift */ = {isa = PBXFileReference; fileEncoding = 4; lastKnownFileType = sourcecode.swift; path = Router.swift; sourceTree = "<group>"; };
		400AB9EC28FF7F6000A6DCB6 /* Endpoint.swift */ = {isa = PBXFileReference; fileEncoding = 4; lastKnownFileType = sourcecode.swift; path = Endpoint.swift; sourceTree = "<group>"; };
		400ABA342900413D00A6DCB6 /* KYCRegistrationCompleteViewController.swift */ = {isa = PBXFileReference; lastKnownFileType = sourcecode.swift; path = KYCRegistrationCompleteViewController.swift; sourceTree = "<group>"; };
		4013FADD29083DB00018025F /* ACPCardSuccessViewController.swift */ = {isa = PBXFileReference; lastKnownFileType = sourcecode.swift; path = ACPCardSuccessViewController.swift; sourceTree = "<group>"; };
		4013FAE02908427F0018025F /* ACPEmptyWalletViewController.swift */ = {isa = PBXFileReference; lastKnownFileType = sourcecode.swift; path = ACPEmptyWalletViewController.swift; sourceTree = "<group>"; };
		4013FAE22908428A0018025F /* ACPWalletViewController.swift */ = {isa = PBXFileReference; lastKnownFileType = sourcecode.swift; path = ACPWalletViewController.swift; sourceTree = "<group>"; };
		4013FAE6290844380018025F /* ACPEmptyWalletBalanceView.swift */ = {isa = PBXFileReference; lastKnownFileType = sourcecode.swift; path = ACPEmptyWalletBalanceView.swift; sourceTree = "<group>"; };
		4013FAE929085B220018025F /* ACPDebitCardView.swift */ = {isa = PBXFileReference; lastKnownFileType = sourcecode.swift; path = ACPDebitCardView.swift; sourceTree = "<group>"; };
		4013FAEB290892810018025F /* UIButton+ACP.swift */ = {isa = PBXFileReference; lastKnownFileType = sourcecode.swift; path = "UIButton+ACP.swift"; sourceTree = "<group>"; };
		4013FAED2908A3A30018025F /* UINavigationController+ACP.swift */ = {isa = PBXFileReference; lastKnownFileType = sourcecode.swift; path = "UINavigationController+ACP.swift"; sourceTree = "<group>"; };
		40251D40290CD2840083B89A /* ACPCardModel.swift */ = {isa = PBXFileReference; lastKnownFileType = sourcecode.swift; path = ACPCardModel.swift; sourceTree = "<group>"; };
		40251D43290DE04C0083B89A /* ACPTransactionsViewController.swift */ = {isa = PBXFileReference; lastKnownFileType = sourcecode.swift; path = ACPTransactionsViewController.swift; sourceTree = "<group>"; };
		40251D45290DE0710083B89A /* ACPTransactionsCell.swift */ = {isa = PBXFileReference; lastKnownFileType = sourcecode.swift; path = ACPTransactionsCell.swift; sourceTree = "<group>"; };
		403AD21F29075B0600C6D556 /* ACPHomeScreenTabViewController.swift */ = {isa = PBXFileReference; lastKnownFileType = sourcecode.swift; path = ACPHomeScreenTabViewController.swift; sourceTree = "<group>"; };
		403AD22229075B6400C6D556 /* ACPHomeScreenTabViewModel.swift */ = {isa = PBXFileReference; lastKnownFileType = sourcecode.swift; path = ACPHomeScreenTabViewModel.swift; sourceTree = "<group>"; };
		404A89F4294E4AE900266334 /* UIStackView+ACP.swift */ = {isa = PBXFileReference; fileEncoding = 4; lastKnownFileType = sourcecode.swift; path = "UIStackView+ACP.swift"; sourceTree = "<group>"; };
		404A89FF294E61B700266334 /* UIAlertController+ACP.swift */ = {isa = PBXFileReference; lastKnownFileType = sourcecode.swift; path = "UIAlertController+ACP.swift"; sourceTree = "<group>"; };
		404A8A09294F938F00266334 /* EligibilityDetailsViewModel.swift */ = {isa = PBXFileReference; fileEncoding = 4; lastKnownFileType = sourcecode.swift; path = EligibilityDetailsViewModel.swift; sourceTree = "<group>"; };
		404A8A0B294F938F00266334 /* EligibilityCoordinator.swift */ = {isa = PBXFileReference; fileEncoding = 4; lastKnownFileType = sourcecode.swift; path = EligibilityCoordinator.swift; sourceTree = "<group>"; };
		404A8A0D294F938F00266334 /* EligibilityResponse.swift */ = {isa = PBXFileReference; fileEncoding = 4; lastKnownFileType = sourcecode.swift; path = EligibilityResponse.swift; sourceTree = "<group>"; };
		404A8A0F294F938F00266334 /* EligibilityService.swift */ = {isa = PBXFileReference; fileEncoding = 4; lastKnownFileType = sourcecode.swift; path = EligibilityService.swift; sourceTree = "<group>"; };
		404A8A10294F938F00266334 /* EligibilityServiceEndpoint.swift */ = {isa = PBXFileReference; fileEncoding = 4; lastKnownFileType = sourcecode.swift; path = EligibilityServiceEndpoint.swift; sourceTree = "<group>"; };
		404A8A1A294F94FD00266334 /* AppCoordinator.swift */ = {isa = PBXFileReference; lastKnownFileType = sourcecode.swift; path = AppCoordinator.swift; sourceTree = "<group>"; };
		404A8A1C294F955E00266334 /* Coordinator.swift */ = {isa = PBXFileReference; lastKnownFileType = sourcecode.swift; path = Coordinator.swift; sourceTree = "<group>"; };
		404A8A1F294F975F00266334 /* EligibilityModel.swift */ = {isa = PBXFileReference; lastKnownFileType = sourcecode.swift; path = EligibilityModel.swift; sourceTree = "<group>"; };
		404A8A25294F979800266334 /* WelcomeViewModel.swift */ = {isa = PBXFileReference; fileEncoding = 4; lastKnownFileType = sourcecode.swift; path = WelcomeViewModel.swift; sourceTree = "<group>"; };
		404A8A27294F979800266334 /* WelcomeCoordinator.swift */ = {isa = PBXFileReference; fileEncoding = 4; lastKnownFileType = sourcecode.swift; path = WelcomeCoordinator.swift; sourceTree = "<group>"; };
		404A8A2F294F979800266334 /* WelcomeViewController.swift */ = {isa = PBXFileReference; fileEncoding = 4; lastKnownFileType = sourcecode.swift; path = WelcomeViewController.swift; sourceTree = "<group>"; };
		404A8A36294F994A00266334 /* TermsViewController.swift */ = {isa = PBXFileReference; lastKnownFileType = sourcecode.swift; path = TermsViewController.swift; sourceTree = "<group>"; };
		404A8A38294F99BE00266334 /* LandingViewController.swift */ = {isa = PBXFileReference; lastKnownFileType = sourcecode.swift; path = LandingViewController.swift; sourceTree = "<group>"; };
		404A8A3A294F9F8C00266334 /* EligibilityCheckViewController.swift */ = {isa = PBXFileReference; lastKnownFileType = sourcecode.swift; path = EligibilityCheckViewController.swift; sourceTree = "<group>"; };
		404A8A3C294FAD3800266334 /* EligibilityZipCodeViewController.swift */ = {isa = PBXFileReference; lastKnownFileType = sourcecode.swift; path = EligibilityZipCodeViewController.swift; sourceTree = "<group>"; };
		404A8A3F294FB1A100266334 /* EligibilityVerifyViewModel.swift */ = {isa = PBXFileReference; fileEncoding = 4; lastKnownFileType = sourcecode.swift; path = EligibilityVerifyViewModel.swift; sourceTree = "<group>"; };
		404A8A41294FBB9800266334 /* EligibilitySuccessViewModel.swift */ = {isa = PBXFileReference; lastKnownFileType = sourcecode.swift; path = EligibilitySuccessViewModel.swift; sourceTree = "<group>"; };
		404A8A43294FBBA800266334 /* EligibilityFailViewModel.swift */ = {isa = PBXFileReference; lastKnownFileType = sourcecode.swift; path = EligibilityFailViewModel.swift; sourceTree = "<group>"; };
		404A8A45294FD93300266334 /* EligibilityRegistrationViewController.swift */ = {isa = PBXFileReference; lastKnownFileType = sourcecode.swift; path = EligibilityRegistrationViewController.swift; sourceTree = "<group>"; };
		404A8A47294FDB3600266334 /* EligibilityRegistrationViewModel.swift */ = {isa = PBXFileReference; lastKnownFileType = sourcecode.swift; path = EligibilityRegistrationViewModel.swift; sourceTree = "<group>"; };
		404A8A49294FF63500266334 /* EligibilityRegistrationSuccessViewController.swift */ = {isa = PBXFileReference; lastKnownFileType = sourcecode.swift; path = EligibilityRegistrationSuccessViewController.swift; sourceTree = "<group>"; };
		404A8A4B294FF6DC00266334 /* EligibilityRegistrationSuccessViewModel.swift */ = {isa = PBXFileReference; lastKnownFileType = sourcecode.swift; path = EligibilityRegistrationSuccessViewModel.swift; sourceTree = "<group>"; };
		404A8A4D294FF92500266334 /* EligibilityRegistrationResponse.swift */ = {isa = PBXFileReference; lastKnownFileType = sourcecode.swift; path = EligibilityRegistrationResponse.swift; sourceTree = "<group>"; };
		404A8A53294FFF5400266334 /* LoginViewModel.swift */ = {isa = PBXFileReference; fileEncoding = 4; lastKnownFileType = sourcecode.swift; path = LoginViewModel.swift; sourceTree = "<group>"; };
		404A8A55294FFF5400266334 /* LoginCoordinator.swift */ = {isa = PBXFileReference; fileEncoding = 4; lastKnownFileType = sourcecode.swift; path = LoginCoordinator.swift; sourceTree = "<group>"; };
		404A8A57294FFF5400266334 /* LoginResponse.swift */ = {isa = PBXFileReference; fileEncoding = 4; lastKnownFileType = sourcecode.swift; path = LoginResponse.swift; sourceTree = "<group>"; };
		404A8A59294FFF5400266334 /* LoginServiceEndpoint.swift */ = {isa = PBXFileReference; fileEncoding = 4; lastKnownFileType = sourcecode.swift; path = LoginServiceEndpoint.swift; sourceTree = "<group>"; };
		404A8A5A294FFF5400266334 /* LoginService.swift */ = {isa = PBXFileReference; fileEncoding = 4; lastKnownFileType = sourcecode.swift; path = LoginService.swift; sourceTree = "<group>"; };
		404A8A5D294FFF5400266334 /* LoginViewController.swift */ = {isa = PBXFileReference; fileEncoding = 4; lastKnownFileType = sourcecode.swift; path = LoginViewController.swift; sourceTree = "<group>"; };
		404A8A6429500C7200266334 /* EligibilityZipCodeViewModel.swift */ = {isa = PBXFileReference; lastKnownFileType = sourcecode.swift; path = EligibilityZipCodeViewModel.swift; sourceTree = "<group>"; };
		404A8A6729500F1500266334 /* EligibilityZipCodeView.swift */ = {isa = PBXFileReference; lastKnownFileType = sourcecode.swift; path = EligibilityZipCodeView.swift; sourceTree = "<group>"; };
		404A8A6F2950134300266334 /* KYCCoordinator.swift */ = {isa = PBXFileReference; fileEncoding = 4; lastKnownFileType = sourcecode.swift; path = KYCCoordinator.swift; sourceTree = "<group>"; };
		404A8A712950134300266334 /* KYCVerifyEmailResponse.swift */ = {isa = PBXFileReference; fileEncoding = 4; lastKnownFileType = sourcecode.swift; path = KYCVerifyEmailResponse.swift; sourceTree = "<group>"; };
		404A8A732950134300266334 /* KYCService.swift */ = {isa = PBXFileReference; fileEncoding = 4; lastKnownFileType = sourcecode.swift; path = KYCService.swift; sourceTree = "<group>"; };
		404A8A742950134300266334 /* KYCServiceEndpoint.swift */ = {isa = PBXFileReference; fileEncoding = 4; lastKnownFileType = sourcecode.swift; path = KYCServiceEndpoint.swift; sourceTree = "<group>"; };
		408E06972957D57E00F0F96C /* LoginData.swift */ = {isa = PBXFileReference; lastKnownFileType = sourcecode.swift; path = LoginData.swift; sourceTree = "<group>"; };
		408E069B2957FE0900F0F96C /* TabMenuImageCell.swift */ = {isa = PBXFileReference; fileEncoding = 4; lastKnownFileType = sourcecode.swift; path = TabMenuImageCell.swift; sourceTree = "<group>"; };
		408E069C2957FE0900F0F96C /* TabMenuDotCell.swift */ = {isa = PBXFileReference; fileEncoding = 4; lastKnownFileType = sourcecode.swift; path = TabMenuDotCell.swift; sourceTree = "<group>"; };
		408E069D2957FE0900F0F96C /* TabMenuTitleCell.swift */ = {isa = PBXFileReference; fileEncoding = 4; lastKnownFileType = sourcecode.swift; path = TabMenuTitleCell.swift; sourceTree = "<group>"; };
		408E069E2957FE0900F0F96C /* TabMenuViewController.swift */ = {isa = PBXFileReference; fileEncoding = 4; lastKnownFileType = sourcecode.swift; path = TabMenuViewController.swift; sourceTree = "<group>"; };
		408E069F2957FE0900F0F96C /* FocusableView.swift */ = {isa = PBXFileReference; fileEncoding = 4; lastKnownFileType = sourcecode.swift; path = FocusableView.swift; sourceTree = "<group>"; };
		408E06A12957FE0900F0F96C /* PickerView.swift */ = {isa = PBXFileReference; fileEncoding = 4; lastKnownFileType = sourcecode.swift; path = PickerView.swift; sourceTree = "<group>"; };
		408E06A22957FE0900F0F96C /* CircleLoadingBarView.swift */ = {isa = PBXFileReference; fileEncoding = 4; lastKnownFileType = sourcecode.swift; path = CircleLoadingBarView.swift; sourceTree = "<group>"; };
		408E06A32957FE0900F0F96C /* ShadowButton.swift */ = {isa = PBXFileReference; fileEncoding = 4; lastKnownFileType = sourcecode.swift; path = ShadowButton.swift; sourceTree = "<group>"; };
		408E06A42957FE0900F0F96C /* ImageButton.swift */ = {isa = PBXFileReference; fileEncoding = 4; lastKnownFileType = sourcecode.swift; path = ImageButton.swift; sourceTree = "<group>"; };
		408E06A52957FE0900F0F96C /* TermsAndPrivacyLabel.swift */ = {isa = PBXFileReference; fileEncoding = 4; lastKnownFileType = sourcecode.swift; path = TermsAndPrivacyLabel.swift; sourceTree = "<group>"; };
		408E06A62957FE0900F0F96C /* TableView.swift */ = {isa = PBXFileReference; fileEncoding = 4; lastKnownFileType = sourcecode.swift; path = TableView.swift; sourceTree = "<group>"; };
		408E06A72957FE0900F0F96C /* TextField.swift */ = {isa = PBXFileReference; fileEncoding = 4; lastKnownFileType = sourcecode.swift; path = TextField.swift; sourceTree = "<group>"; };
		408E06A82957FE0900F0F96C /* BorderedView.swift */ = {isa = PBXFileReference; fileEncoding = 4; lastKnownFileType = sourcecode.swift; path = BorderedView.swift; sourceTree = "<group>"; };
		408E06A92957FE0900F0F96C /* NavigationController.swift */ = {isa = PBXFileReference; fileEncoding = 4; lastKnownFileType = sourcecode.swift; path = NavigationController.swift; sourceTree = "<group>"; };
		408E06B82957FF7A00F0F96C /* KYCRegistrationStartViewController.swift */ = {isa = PBXFileReference; lastKnownFileType = sourcecode.swift; path = KYCRegistrationStartViewController.swift; sourceTree = "<group>"; };
		408E06BA2958004D00F0F96C /* KYCRegistrationStartViewModel.swift */ = {isa = PBXFileReference; lastKnownFileType = sourcecode.swift; path = KYCRegistrationStartViewModel.swift; sourceTree = "<group>"; };
		408E06BD295802FB00F0F96C /* KYCRegistrationViewModel.swift */ = {isa = PBXFileReference; lastKnownFileType = sourcecode.swift; path = KYCRegistrationViewModel.swift; sourceTree = "<group>"; };
		408E06BF2958B5B500F0F96C /* KYCModel.swift */ = {isa = PBXFileReference; lastKnownFileType = sourcecode.swift; path = KYCModel.swift; sourceTree = "<group>"; };
		408E06D8295BCB4800F0F96C /* KYCVerifyEmailData.swift */ = {isa = PBXFileReference; lastKnownFileType = sourcecode.swift; path = KYCVerifyEmailData.swift; sourceTree = "<group>"; };
		408E06DB295BD53C00F0F96C /* KYCRegisterResponse.swift */ = {isa = PBXFileReference; lastKnownFileType = sourcecode.swift; path = KYCRegisterResponse.swift; sourceTree = "<group>"; };
		408E06DD295BD58800F0F96C /* KYCRegisterData.swift */ = {isa = PBXFileReference; lastKnownFileType = sourcecode.swift; path = KYCRegisterData.swift; sourceTree = "<group>"; };
		408E06DF295BD91100F0F96C /* KYCRegistrationCompleteViewModel.swift */ = {isa = PBXFileReference; lastKnownFileType = sourcecode.swift; path = KYCRegistrationCompleteViewModel.swift; sourceTree = "<group>"; };
		408E06E2295BDD7600F0F96C /* AuthManager.swift */ = {isa = PBXFileReference; lastKnownFileType = sourcecode.swift; path = AuthManager.swift; sourceTree = "<group>"; };
		40B5EDCB28E224F20096B91B /* ACP-mobile.app */ = {isa = PBXFileReference; explicitFileType = wrapper.application; includeInIndex = 0; path = "ACP-mobile.app"; sourceTree = BUILT_PRODUCTS_DIR; };
		40B5EDD728E224F40096B91B /* Assets.xcassets */ = {isa = PBXFileReference; lastKnownFileType = folder.assetcatalog; path = Assets.xcassets; sourceTree = "<group>"; };
		40B5EDDA28E224F40096B91B /* Base */ = {isa = PBXFileReference; lastKnownFileType = file.storyboard; name = Base; path = Base.lproj/LaunchScreen.storyboard; sourceTree = "<group>"; };
		40B5EDDC28E224F40096B91B /* Info.plist */ = {isa = PBXFileReference; lastKnownFileType = text.plist.xml; path = Info.plist; sourceTree = "<group>"; };
		40EDB815290EF4FC007E0255 /* GoogleService-Info.plist */ = {isa = PBXFileReference; fileEncoding = 4; lastKnownFileType = text.plist.xml; path = "GoogleService-Info.plist"; sourceTree = "<group>"; };
		40EE2CAF28E4AC5B0028888D /* Colors.xcassets */ = {isa = PBXFileReference; lastKnownFileType = folder.assetcatalog; path = Colors.xcassets; sourceTree = "<group>"; };
		687DCBFD8B005412AF06BEDD /* Pods-ACP-mobile.debug.xcconfig */ = {isa = PBXFileReference; includeInIndex = 1; lastKnownFileType = text.xcconfig; name = "Pods-ACP-mobile.debug.xcconfig"; path = "Target Support Files/Pods-ACP-mobile/Pods-ACP-mobile.debug.xcconfig"; sourceTree = "<group>"; };
		CE62E30028EA64D20000833B /* Localizable.strings */ = {isa = PBXFileReference; lastKnownFileType = text.plist.strings; path = Localizable.strings; sourceTree = "<group>"; };
/* End PBXFileReference section */

/* Begin PBXFrameworksBuildPhase section */
		40B5EDC828E224F20096B91B /* Frameworks */ = {
			isa = PBXFrameworksBuildPhase;
			buildActionMask = 2147483647;
			files = (
				FF3F59D25D870A8B465A1AB4 /* Pods_ACP_mobile.framework in Frameworks */,
			);
			runOnlyForDeploymentPostprocessing = 0;
		};
/* End PBXFrameworksBuildPhase section */

/* Begin PBXGroup section */
		133F868529086D1800663815 /* ApplyScreens */ = {
			isa = PBXGroup;
			children = (
				133F868829086D8200663815 /* ACPSuccess */,
				133F868729086D6A00663815 /* ApplyForACP */,
				133F868629086D5000663815 /* ApplyForService */,
			);
			path = ApplyScreens;
			sourceTree = "<group>";
		};
		133F868629086D5000663815 /* ApplyForService */ = {
			isa = PBXGroup;
			children = (
				133F86902908710700663815 /* Views */,
				133F86932908715900663815 /* ApplyForServiceViewController.swift */,
			);
			path = ApplyForService;
			sourceTree = "<group>";
		};
		133F868729086D6A00663815 /* ApplyForACP */ = {
			isa = PBXGroup;
			children = (
				133F868B29086E1300663815 /* Views */,
				133F868E290870EC00663815 /* ApplyACPViewController.swift */,
			);
			path = ApplyForACP;
			sourceTree = "<group>";
		};
		133F868829086D8200663815 /* ACPSuccess */ = {
			isa = PBXGroup;
			children = (
				133F868929086DC400663815 /* ACPSuccesViewController.swift */,
			);
			path = ACPSuccess;
			sourceTree = "<group>";
		};
		133F868B29086E1300663815 /* Views */ = {
			isa = PBXGroup;
			children = (
				133F868C29086E6E00663815 /* ApplyACPView.swift */,
			);
			path = Views;
			sourceTree = "<group>";
		};
		133F86902908710700663815 /* Views */ = {
			isa = PBXGroup;
			children = (
				133F86912908714E00663815 /* ApplyForServiceView.swift */,
			);
			path = Views;
			sourceTree = "<group>";
		};
		1351CAB82967977200BF8C15 /* KYCIdentityProof */ = {
			isa = PBXGroup;
			children = (
				1351CAB92967979D00BF8C15 /* KYCDocumentsViewModel.swift */,
			);
			path = KYCIdentityProof;
			sourceTree = "<group>";
		};
		13581441290F2AC100612D8B /* RequestCard */ = {
			isa = PBXGroup;
			children = (
				13BF542929104B1F00C94201 /* ViewModel */,
				13581442290F2B1500612D8B /* RequestCardViewController.swift */,
			);
			path = RequestCard;
			sourceTree = "<group>";
		};
		13BF542929104B1F00C94201 /* ViewModel */ = {
			isa = PBXGroup;
			children = (
				13BF542729104B1600C94201 /* RequestCardViewModel.swift */,
			);
			path = ViewModel;
			sourceTree = "<group>";
		};
		1EF3BAC39E57E76420CCD5AA /* Frameworks */ = {
			isa = PBXGroup;
			children = (
				0EA43A30C610F68C5A06DD99 /* Pods_ACP_mobile.framework */,
			);
			name = Frameworks;
			sourceTree = "<group>";
		};
		400AB98A28FF7F5F00A6DCB6 /* Screens */ = {
			isa = PBXGroup;
			children = (
				133F868529086D1800663815 /* ApplyScreens */,
				400AB9AE28FF7F5F00A6DCB6 /* HomeScreen */,
			);
			path = Screens;
			sourceTree = "<group>";
		};
		400AB9AE28FF7F5F00A6DCB6 /* HomeScreen */ = {
			isa = PBXGroup;
			children = (
				4013FADA29083D620018025F /* Wallet */,
				403AD22129075B2600C6D556 /* TabController */,
				403AD21E29075AC200C6D556 /* Home */,
			);
			path = HomeScreen;
			sourceTree = "<group>";
		};
		400AB9AF28FF7F5F00A6DCB6 /* Views */ = {
			isa = PBXGroup;
			children = (
				400AB9B028FF7F5F00A6DCB6 /* ACPHomeScreenEligibilityHeaderView.swift */,
				400AB9B128FF7F5F00A6DCB6 /* ACPHomeScreenProgramCell.swift */,
				400AB9B328FF7F5F00A6DCB6 /* ACPHomeScreenHeaderView.swift */,
			);
			path = Views;
			sourceTree = "<group>";
		};
		400AB9B428FF7F6000A6DCB6 /* Extensions */ = {
			isa = PBXGroup;
			children = (
				400AB9BA28FF7F6000A6DCB6 /* NSMutableParagraphStyle+ACP.swift */,
				400AB9BE28FF7F6000A6DCB6 /* String+ACP.swift */,
				404A89FF294E61B700266334 /* UIAlertController+ACP.swift */,
				4013FAEB290892810018025F /* UIButton+ACP.swift */,
				400AB9B828FF7F6000A6DCB6 /* UICollectionView+ACP.swift */,
				400AB9BD28FF7F6000A6DCB6 /* UIColor+ACP.swift */,
				4013FAED2908A3A30018025F /* UINavigationController+ACP.swift */,
				400AB9B528FF7F6000A6DCB6 /* UIResponder+ACP.swift */,
				404A89F4294E4AE900266334 /* UIStackView+ACP.swift */,
				400AB9B728FF7F6000A6DCB6 /* UITableView+ACP.swift */,
				400AB9BC28FF7F6000A6DCB6 /* UITapGestureRecognizer+ACP.swift */,
				400AB9B628FF7F6000A6DCB6 /* UITextField+ACP.swift */,
				400AB9BB28FF7F6000A6DCB6 /* UIViewController+ACP.swift */,
			);
			path = Extensions;
			sourceTree = "<group>";
		};
		400AB9BF28FF7F6000A6DCB6 /* App */ = {
			isa = PBXGroup;
			children = (
				400AB9C028FF7F6000A6DCB6 /* AppDelegate.swift */,
				404A8A1A294F94FD00266334 /* AppCoordinator.swift */,
			);
			path = App;
			sourceTree = "<group>";
		};
		400AB9C228FF7F6000A6DCB6 /* Generic */ = {
			isa = PBXGroup;
			children = (
				408E06992957FE0900F0F96C /* TabMenu */,
				408E06A02957FE0900F0F96C /* UIElements */,
			);
			path = Generic;
			sourceTree = "<group>";
		};
		400AB9E728FF7F6000A6DCB6 /* Networking */ = {
			isa = PBXGroup;
			children = (
				400AB9EB28FF7F6000A6DCB6 /* Router.swift */,
				400AB9EC28FF7F6000A6DCB6 /* Endpoint.swift */,
			);
			path = Networking;
			sourceTree = "<group>";
		};
		4013FADA29083D620018025F /* Wallet */ = {
			isa = PBXGroup;
			children = (
				13581441290F2AC100612D8B /* RequestCard */,
				40251D42290DE0100083B89A /* Transactions */,
				4013FAE52908438E0018025F /* EmptyWallet */,
				4013FADC29083D920018025F /* CardSuccess */,
				4013FADB29083D7C0018025F /* MyWallet */,
			);
			path = Wallet;
			sourceTree = "<group>";
		};
		4013FADB29083D7C0018025F /* MyWallet */ = {
			isa = PBXGroup;
			children = (
				40251D3F290CD26F0083B89A /* Models */,
				4013FAE829085AFF0018025F /* Views */,
				4013FAE22908428A0018025F /* ACPWalletViewController.swift */,
			);
			path = MyWallet;
			sourceTree = "<group>";
		};
		4013FADC29083D920018025F /* CardSuccess */ = {
			isa = PBXGroup;
			children = (
				4013FADD29083DB00018025F /* ACPCardSuccessViewController.swift */,
			);
			path = CardSuccess;
			sourceTree = "<group>";
		};
		4013FADF290842420018025F /* Views */ = {
			isa = PBXGroup;
			children = (
				4013FAE6290844380018025F /* ACPEmptyWalletBalanceView.swift */,
			);
			path = Views;
			sourceTree = "<group>";
		};
		4013FAE52908438E0018025F /* EmptyWallet */ = {
			isa = PBXGroup;
			children = (
				4013FADF290842420018025F /* Views */,
				4013FAE02908427F0018025F /* ACPEmptyWalletViewController.swift */,
			);
			path = EmptyWallet;
			sourceTree = "<group>";
		};
		4013FAE829085AFF0018025F /* Views */ = {
			isa = PBXGroup;
			children = (
				4013FAE929085B220018025F /* ACPDebitCardView.swift */,
			);
			path = Views;
			sourceTree = "<group>";
		};
		40251D3F290CD26F0083B89A /* Models */ = {
			isa = PBXGroup;
			children = (
				40251D40290CD2840083B89A /* ACPCardModel.swift */,
			);
			path = Models;
			sourceTree = "<group>";
		};
		40251D42290DE0100083B89A /* Transactions */ = {
			isa = PBXGroup;
			children = (
				40251D47290DE57F0083B89A /* Views */,
				40251D43290DE04C0083B89A /* ACPTransactionsViewController.swift */,
			);
			path = Transactions;
			sourceTree = "<group>";
		};
		40251D47290DE57F0083B89A /* Views */ = {
			isa = PBXGroup;
			children = (
				40251D45290DE0710083B89A /* ACPTransactionsCell.swift */,
			);
			path = Views;
			sourceTree = "<group>";
		};
		40315461290E3B62009320D8 /* Protocols */ = {
			isa = PBXGroup;
			children = (
				404A8A1C294F955E00266334 /* Coordinator.swift */,
				408E069F2957FE0900F0F96C /* FocusableView.swift */,
			);
			path = Protocols;
			sourceTree = "<group>";
		};
		403AD21E29075AC200C6D556 /* Home */ = {
			isa = PBXGroup;
			children = (
				400AB9AF28FF7F5F00A6DCB6 /* Views */,
				400AB9B228FF7F5F00A6DCB6 /* ACPHomeScreenViewController.swift */,
			);
			path = Home;
			sourceTree = "<group>";
		};
		403AD22129075B2600C6D556 /* TabController */ = {
			isa = PBXGroup;
			children = (
				403AD21F29075B0600C6D556 /* ACPHomeScreenTabViewController.swift */,
				403AD22229075B6400C6D556 /* ACPHomeScreenTabViewModel.swift */,
			);
			path = TabController;
			sourceTree = "<group>";
		};
		404A8A03294F91AC00266334 /* EligibilityDetails */ = {
			isa = PBXGroup;
			children = (
				400AB99B28FF7F5F00A6DCB6 /* EligibilityDetailsViewController.swift */,
				400AB99528FF7F5F00A6DCB6 /* EligibilityDetailsNameViewController.swift */,
				400AB99628FF7F5F00A6DCB6 /* EligibilityDetailsDOBViewController.swift */,
				400AB99728FF7F5F00A6DCB6 /* EligibilityDetailsAddressViewController.swift */,
			);
			path = EligibilityDetails;
			sourceTree = "<group>";
		};
		404A8A07294F938F00266334 /* Eligibility */ = {
			isa = PBXGroup;
			children = (
				404A8A0A294F938F00266334 /* Coordinator */,
				404A8A0C294F938F00266334 /* Models */,
				404A8A0E294F938F00266334 /* Service */,
				404A8A08294F938F00266334 /* ViewModels */,
				404A8A11294F938F00266334 /* Views */,
			);
			path = Eligibility;
			sourceTree = "<group>";
		};
		404A8A08294F938F00266334 /* ViewModels */ = {
			isa = PBXGroup;
			children = (
				404A8A6429500C7200266334 /* EligibilityZipCodeViewModel.swift */,
				404A8A09294F938F00266334 /* EligibilityDetailsViewModel.swift */,
				404A8A3F294FB1A100266334 /* EligibilityVerifyViewModel.swift */,
				404A8A41294FBB9800266334 /* EligibilitySuccessViewModel.swift */,
				404A8A43294FBBA800266334 /* EligibilityFailViewModel.swift */,
				404A8A47294FDB3600266334 /* EligibilityRegistrationViewModel.swift */,
				404A8A4B294FF6DC00266334 /* EligibilityRegistrationSuccessViewModel.swift */,
			);
			path = ViewModels;
			sourceTree = "<group>";
		};
		404A8A0A294F938F00266334 /* Coordinator */ = {
			isa = PBXGroup;
			children = (
				404A8A0B294F938F00266334 /* EligibilityCoordinator.swift */,
			);
			path = Coordinator;
			sourceTree = "<group>";
		};
		404A8A0C294F938F00266334 /* Models */ = {
			isa = PBXGroup;
			children = (
				404A8A1F294F975F00266334 /* EligibilityModel.swift */,
				404A8A0D294F938F00266334 /* EligibilityResponse.swift */,
				404A8A4D294FF92500266334 /* EligibilityRegistrationResponse.swift */,
			);
			path = Models;
			sourceTree = "<group>";
		};
		404A8A0E294F938F00266334 /* Service */ = {
			isa = PBXGroup;
			children = (
				404A8A0F294F938F00266334 /* EligibilityService.swift */,
				404A8A10294F938F00266334 /* EligibilityServiceEndpoint.swift */,
			);
			path = Service;
			sourceTree = "<group>";
		};
		404A8A11294F938F00266334 /* Views */ = {
			isa = PBXGroup;
			children = (
				404A8A6629500EF200266334 /* EligibilityZipCode */,
				404A8A03294F91AC00266334 /* EligibilityDetails */,
				400AB99A28FF7F5F00A6DCB6 /* EligibilityVerifyViewController.swift */,
				400AB99928FF7F5F00A6DCB6 /* EligibilitySuccessViewController.swift */,
				400AB99828FF7F5F00A6DCB6 /* EligibilityFailViewController.swift */,
				404A8A45294FD93300266334 /* EligibilityRegistrationViewController.swift */,
				404A8A49294FF63500266334 /* EligibilityRegistrationSuccessViewController.swift */,
			);
			path = Views;
			sourceTree = "<group>";
		};
		404A8A1E294F96CE00266334 /* NewScreens */ = {
			isa = PBXGroup;
			children = (
				404A8A23294F979800266334 /* Welcome */,
				408E06962957BF7300F0F96C /* Registration */,
				404A8A51294FFF5400266334 /* Login */,
			);
			path = NewScreens;
			sourceTree = "<group>";
		};
		404A8A23294F979800266334 /* Welcome */ = {
			isa = PBXGroup;
			children = (
				404A8A26294F979800266334 /* Coordinator */,
				404A8A24294F979800266334 /* ViewModels */,
				404A8A2D294F979800266334 /* Views */,
			);
			path = Welcome;
			sourceTree = "<group>";
		};
		404A8A24294F979800266334 /* ViewModels */ = {
			isa = PBXGroup;
			children = (
				404A8A25294F979800266334 /* WelcomeViewModel.swift */,
			);
			path = ViewModels;
			sourceTree = "<group>";
		};
		404A8A26294F979800266334 /* Coordinator */ = {
			isa = PBXGroup;
			children = (
				404A8A27294F979800266334 /* WelcomeCoordinator.swift */,
			);
			path = Coordinator;
			sourceTree = "<group>";
		};
		404A8A2D294F979800266334 /* Views */ = {
			isa = PBXGroup;
			children = (
				404A8A38294F99BE00266334 /* LandingViewController.swift */,
				404A8A2F294F979800266334 /* WelcomeViewController.swift */,
				404A8A36294F994A00266334 /* TermsViewController.swift */,
				404A8A3A294F9F8C00266334 /* EligibilityCheckViewController.swift */,
			);
			path = Views;
			sourceTree = "<group>";
		};
		404A8A51294FFF5400266334 /* Login */ = {
			isa = PBXGroup;
			children = (
				404A8A54294FFF5400266334 /* Coordinator */,
				404A8A56294FFF5400266334 /* Models */,
				404A8A58294FFF5400266334 /* Service */,
				404A8A52294FFF5400266334 /* ViewModels */,
				404A8A5B294FFF5400266334 /* Views */,
			);
			path = Login;
			sourceTree = "<group>";
		};
		404A8A52294FFF5400266334 /* ViewModels */ = {
			isa = PBXGroup;
			children = (
				404A8A53294FFF5400266334 /* LoginViewModel.swift */,
			);
			path = ViewModels;
			sourceTree = "<group>";
		};
		404A8A54294FFF5400266334 /* Coordinator */ = {
			isa = PBXGroup;
			children = (
				404A8A55294FFF5400266334 /* LoginCoordinator.swift */,
			);
			path = Coordinator;
			sourceTree = "<group>";
		};
		404A8A56294FFF5400266334 /* Models */ = {
			isa = PBXGroup;
			children = (
				404A8A57294FFF5400266334 /* LoginResponse.swift */,
				408E06972957D57E00F0F96C /* LoginData.swift */,
			);
			path = Models;
			sourceTree = "<group>";
		};
		404A8A58294FFF5400266334 /* Service */ = {
			isa = PBXGroup;
			children = (
				404A8A5A294FFF5400266334 /* LoginService.swift */,
				404A8A59294FFF5400266334 /* LoginServiceEndpoint.swift */,
			);
			path = Service;
			sourceTree = "<group>";
		};
		404A8A5B294FFF5400266334 /* Views */ = {
			isa = PBXGroup;
			children = (
				404A8A5D294FFF5400266334 /* LoginViewController.swift */,
			);
			path = Views;
			sourceTree = "<group>";
		};
		404A8A6629500EF200266334 /* EligibilityZipCode */ = {
			isa = PBXGroup;
			children = (
				404A8A3C294FAD3800266334 /* EligibilityZipCodeViewController.swift */,
				404A8A6729500F1500266334 /* EligibilityZipCodeView.swift */,
			);
			path = EligibilityZipCode;
			sourceTree = "<group>";
		};
		404A8A6B2950134300266334 /* KYC */ = {
			isa = PBXGroup;
			children = (
				404A8A6E2950134300266334 /* Coordinator */,
				404A8A702950134300266334 /* Models */,
				404A8A722950134300266334 /* Service */,
				404A8A6C2950134300266334 /* ViewModels */,
				404A8A752950134300266334 /* Views */,
			);
			path = KYC;
			sourceTree = "<group>";
		};
		404A8A6C2950134300266334 /* ViewModels */ = {
			isa = PBXGroup;
			children = (
				1351CAB82967977200BF8C15 /* KYCIdentityProof */,
				408E06BA2958004D00F0F96C /* KYCRegistrationStartViewModel.swift */,
				408E06BD295802FB00F0F96C /* KYCRegistrationViewModel.swift */,
				408E06DF295BD91100F0F96C /* KYCRegistrationCompleteViewModel.swift */,
				1351CAB6296777CB00BF8C15 /* KYCDocumentViewModel.swift */,
			);
			path = ViewModels;
			sourceTree = "<group>";
		};
		404A8A6E2950134300266334 /* Coordinator */ = {
			isa = PBXGroup;
			children = (
				404A8A6F2950134300266334 /* KYCCoordinator.swift */,
			);
			path = Coordinator;
			sourceTree = "<group>";
		};
		404A8A702950134300266334 /* Models */ = {
			isa = PBXGroup;
			children = (
				408E06BF2958B5B500F0F96C /* KYCModel.swift */,
				404A8A712950134300266334 /* KYCVerifyEmailResponse.swift */,
				408E06D8295BCB4800F0F96C /* KYCVerifyEmailData.swift */,
				408E06DB295BD53C00F0F96C /* KYCRegisterResponse.swift */,
				408E06DD295BD58800F0F96C /* KYCRegisterData.swift */,
			);
			path = Models;
			sourceTree = "<group>";
		};
		404A8A722950134300266334 /* Service */ = {
			isa = PBXGroup;
			children = (
				404A8A732950134300266334 /* KYCService.swift */,
				404A8A742950134300266334 /* KYCServiceEndpoint.swift */,
			);
			path = Service;
			sourceTree = "<group>";
		};
		404A8A752950134300266334 /* Views */ = {
			isa = PBXGroup;
			children = (
				408E06C22958B9BF00F0F96C /* CustomViews */,
				408E06C32958B9C900F0F96C /* ViewControllers */,
			);
			path = Views;
			sourceTree = "<group>";
		};
		408E06962957BF7300F0F96C /* Registration */ = {
			isa = PBXGroup;
			children = (
				404A8A07294F938F00266334 /* Eligibility */,
				404A8A6B2950134300266334 /* KYC */,
			);
			path = Registration;
			sourceTree = "<group>";
		};
		408E06992957FE0900F0F96C /* TabMenu */ = {
			isa = PBXGroup;
			children = (
				408E069A2957FE0900F0F96C /* Cells */,
				408E069E2957FE0900F0F96C /* TabMenuViewController.swift */,
			);
			path = TabMenu;
			sourceTree = "<group>";
		};
		408E069A2957FE0900F0F96C /* Cells */ = {
			isa = PBXGroup;
			children = (
				408E069B2957FE0900F0F96C /* TabMenuImageCell.swift */,
				408E069C2957FE0900F0F96C /* TabMenuDotCell.swift */,
				408E069D2957FE0900F0F96C /* TabMenuTitleCell.swift */,
			);
			path = Cells;
			sourceTree = "<group>";
		};
		408E06A02957FE0900F0F96C /* UIElements */ = {
			isa = PBXGroup;
			children = (
				408E06A12957FE0900F0F96C /* PickerView.swift */,
				408E06A22957FE0900F0F96C /* CircleLoadingBarView.swift */,
				408E06A32957FE0900F0F96C /* ShadowButton.swift */,
				408E06A42957FE0900F0F96C /* ImageButton.swift */,
				408E06A52957FE0900F0F96C /* TermsAndPrivacyLabel.swift */,
				408E06A62957FE0900F0F96C /* TableView.swift */,
				408E06A72957FE0900F0F96C /* TextField.swift */,
				408E06A82957FE0900F0F96C /* BorderedView.swift */,
				408E06A92957FE0900F0F96C /* NavigationController.swift */,
			);
			path = UIElements;
			sourceTree = "<group>";
		};
		408E06C22958B9BF00F0F96C /* CustomViews */ = {
			isa = PBXGroup;
			children = (
				400AB9DA28FF7F6000A6DCB6 /* KYCVerifyEmailCodeView.swift */,
				400AB9DC28FF7F6000A6DCB6 /* KYCVerifyEmailKeyboardView.swift */,
			);
			path = CustomViews;
			sourceTree = "<group>";
		};
		408E06C32958B9C900F0F96C /* ViewControllers */ = {
			isa = PBXGroup;
			children = (
				408E06B82957FF7A00F0F96C /* KYCRegistrationStartViewController.swift */,
				400AB9E628FF7F6000A6DCB6 /* KYCRegistrationBaseViewController.swift */,
				400AB9DD28FF7F6000A6DCB6 /* KYCPersonalInfoDetailsViewController.swift */,
				400AB9DB28FF7F6000A6DCB6 /* KYCVerifyEmailViewController.swift */,
				408E06DA295BCFD800F0F96C /* KYCIdentityProof */,
				400AB9E428FF7F6000A6DCB6 /* KYCBankInfoViewController.swift */,
				400ABA342900413D00A6DCB6 /* KYCRegistrationCompleteViewController.swift */,
			);
			path = ViewControllers;
			sourceTree = "<group>";
		};
		408E06DA295BCFD800F0F96C /* KYCIdentityProof */ = {
			isa = PBXGroup;
			children = (
				400AB9E228FF7F6000A6DCB6 /* KYCVerificationViewController.swift */,
				400AB9E128FF7F6000A6DCB6 /* KYCScanIDViewController.swift */,
				400AB9E028FF7F6000A6DCB6 /* KYCSelfieViewController.swift */,
				400AB9E328FF7F6000A6DCB6 /* KYCCheckCompleteViewController.swift */,
				400AB9DF28FF7F6000A6DCB6 /* KYCIdentityProofViewController.swift */,
			);
			path = KYCIdentityProof;
			sourceTree = "<group>";
		};
		408E06E1295BDD5C00F0F96C /* Managers */ = {
			isa = PBXGroup;
			children = (
				408E06E2295BDD7600F0F96C /* AuthManager.swift */,
			);
			path = Managers;
			sourceTree = "<group>";
		};
		40B5EDC228E224F20096B91B = {
			isa = PBXGroup;
			children = (
				40B5EDCD28E224F20096B91B /* ACP-mobile */,
				40B5EDCC28E224F20096B91B /* Products */,
				FB00E332458E87060AD9B9F0 /* Pods */,
				1EF3BAC39E57E76420CCD5AA /* Frameworks */,
			);
			sourceTree = "<group>";
		};
		40B5EDCC28E224F20096B91B /* Products */ = {
			isa = PBXGroup;
			children = (
				40B5EDCB28E224F20096B91B /* ACP-mobile.app */,
			);
			name = Products;
			sourceTree = "<group>";
		};
		40B5EDCD28E224F20096B91B /* ACP-mobile */ = {
			isa = PBXGroup;
			children = (
				400AB9BF28FF7F6000A6DCB6 /* App */,
				400AB9E728FF7F6000A6DCB6 /* Networking */,
				408E06E1295BDD5C00F0F96C /* Managers */,
				40315461290E3B62009320D8 /* Protocols */,
				400AB9B428FF7F6000A6DCB6 /* Extensions */,
				400AB9C228FF7F6000A6DCB6 /* Generic */,
				404A8A1E294F96CE00266334 /* NewScreens */,
				400AB98A28FF7F5F00A6DCB6 /* Screens */,
				40B5EDFE28E227A30096B91B /* Resources */,
			);
			path = "ACP-mobile";
			sourceTree = "<group>";
		};
		40B5EDFE28E227A30096B91B /* Resources */ = {
			isa = PBXGroup;
			children = (
				40B5EDD728E224F40096B91B /* Assets.xcassets */,
				40EE2CAF28E4AC5B0028888D /* Colors.xcassets */,
				40B5EDDC28E224F40096B91B /* Info.plist */,
				40EDB815290EF4FC007E0255 /* GoogleService-Info.plist */,
				40B5EDD928E224F40096B91B /* LaunchScreen.storyboard */,
				CE62E30028EA64D20000833B /* Localizable.strings */,
			);
			path = Resources;
			sourceTree = "<group>";
		};
		FB00E332458E87060AD9B9F0 /* Pods */ = {
			isa = PBXGroup;
			children = (
				687DCBFD8B005412AF06BEDD /* Pods-ACP-mobile.debug.xcconfig */,
				1301AD36DE072905C940D450 /* Pods-ACP-mobile.release.xcconfig */,
			);
			path = Pods;
			sourceTree = "<group>";
		};
/* End PBXGroup section */

/* Begin PBXNativeTarget section */
		40B5EDCA28E224F20096B91B /* ACP-mobile */ = {
			isa = PBXNativeTarget;
			buildConfigurationList = 40B5EDF528E224F40096B91B /* Build configuration list for PBXNativeTarget "ACP-mobile" */;
			buildPhases = (
				E9CCA4F1148E364174307C10 /* [CP] Check Pods Manifest.lock */,
				40B5EDC728E224F20096B91B /* Sources */,
				40B5EDC828E224F20096B91B /* Frameworks */,
				40B5EDC928E224F20096B91B /* Resources */,
				BF0424111AA4307A312596D3 /* [CP] Embed Pods Frameworks */,
				403349BA28E36FDF0078D5FD /* SwiftLint */,
			);
			buildRules = (
			);
			dependencies = (
			);
			name = "ACP-mobile";
			productName = "ACP-mobile";
			productReference = 40B5EDCB28E224F20096B91B /* ACP-mobile.app */;
			productType = "com.apple.product-type.application";
		};
/* End PBXNativeTarget section */

/* Begin PBXProject section */
		40B5EDC328E224F20096B91B /* Project object */ = {
			isa = PBXProject;
			attributes = {
				BuildIndependentTargetsInParallel = 1;
				LastSwiftUpdateCheck = 1340;
				LastUpgradeCheck = 1340;
				TargetAttributes = {
					40B5EDCA28E224F20096B91B = {
						CreatedOnToolsVersion = 13.4.1;
					};
				};
			};
			buildConfigurationList = 40B5EDC628E224F20096B91B /* Build configuration list for PBXProject "ACP-mobile" */;
			compatibilityVersion = "Xcode 13.0";
			developmentRegion = en;
			hasScannedForEncodings = 0;
			knownRegions = (
				en,
				Base,
			);
			mainGroup = 40B5EDC228E224F20096B91B;
			productRefGroup = 40B5EDCC28E224F20096B91B /* Products */;
			projectDirPath = "";
			projectRoot = "";
			targets = (
				40B5EDCA28E224F20096B91B /* ACP-mobile */,
			);
		};
/* End PBXProject section */

/* Begin PBXResourcesBuildPhase section */
		40B5EDC928E224F20096B91B /* Resources */ = {
			isa = PBXResourcesBuildPhase;
			buildActionMask = 2147483647;
			files = (
				40EE2CB028E4AC5B0028888D /* Colors.xcassets in Resources */,
				CE62E30128EA64D20000833B /* Localizable.strings in Resources */,
				40EDB816290EF4FC007E0255 /* GoogleService-Info.plist in Resources */,
				40B5EDDB28E224F40096B91B /* LaunchScreen.storyboard in Resources */,
				40B5EDD828E224F40096B91B /* Assets.xcassets in Resources */,
			);
			runOnlyForDeploymentPostprocessing = 0;
		};
/* End PBXResourcesBuildPhase section */

/* Begin PBXShellScriptBuildPhase section */
		403349BA28E36FDF0078D5FD /* SwiftLint */ = {
			isa = PBXShellScriptBuildPhase;
			buildActionMask = 2147483647;
			files = (
			);
			inputFileListPaths = (
			);
			inputPaths = (
			);
			name = SwiftLint;
			outputFileListPaths = (
			);
			outputPaths = (
			);
			runOnlyForDeploymentPostprocessing = 0;
			shellPath = /bin/sh;
			shellScript = "${PODS_ROOT}/SwiftLint/swiftlint\n";
		};
		BF0424111AA4307A312596D3 /* [CP] Embed Pods Frameworks */ = {
			isa = PBXShellScriptBuildPhase;
			buildActionMask = 2147483647;
			files = (
			);
			inputFileListPaths = (
				"${PODS_ROOT}/Target Support Files/Pods-ACP-mobile/Pods-ACP-mobile-frameworks-${CONFIGURATION}-input-files.xcfilelist",
			);
			name = "[CP] Embed Pods Frameworks";
			outputFileListPaths = (
				"${PODS_ROOT}/Target Support Files/Pods-ACP-mobile/Pods-ACP-mobile-frameworks-${CONFIGURATION}-output-files.xcfilelist",
			);
			runOnlyForDeploymentPostprocessing = 0;
			shellPath = /bin/sh;
			shellScript = "\"${PODS_ROOT}/Target Support Files/Pods-ACP-mobile/Pods-ACP-mobile-frameworks.sh\"\n";
			showEnvVarsInLog = 0;
		};
		E9CCA4F1148E364174307C10 /* [CP] Check Pods Manifest.lock */ = {
			isa = PBXShellScriptBuildPhase;
			buildActionMask = 2147483647;
			files = (
			);
			inputFileListPaths = (
			);
			inputPaths = (
				"${PODS_PODFILE_DIR_PATH}/Podfile.lock",
				"${PODS_ROOT}/Manifest.lock",
			);
			name = "[CP] Check Pods Manifest.lock";
			outputFileListPaths = (
			);
			outputPaths = (
				"$(DERIVED_FILE_DIR)/Pods-ACP-mobile-checkManifestLockResult.txt",
			);
			runOnlyForDeploymentPostprocessing = 0;
			shellPath = /bin/sh;
			shellScript = "diff \"${PODS_PODFILE_DIR_PATH}/Podfile.lock\" \"${PODS_ROOT}/Manifest.lock\" > /dev/null\nif [ $? != 0 ] ; then\n    # print error to STDERR\n    echo \"error: The sandbox is not in sync with the Podfile.lock. Run 'pod install' or update your CocoaPods installation.\" >&2\n    exit 1\nfi\n# This output is used by Xcode 'outputs' to avoid re-running this script phase.\necho \"SUCCESS\" > \"${SCRIPT_OUTPUT_FILE_0}\"\n";
			showEnvVarsInLog = 0;
		};
/* End PBXShellScriptBuildPhase section */

/* Begin PBXSourcesBuildPhase section */
		40B5EDC728E224F20096B91B /* Sources */ = {
			isa = PBXSourcesBuildPhase;
			buildActionMask = 2147483647;
			files = (
				404A8A5F294FFF5400266334 /* LoginCoordinator.swift in Sources */,
				408E06DC295BD53C00F0F96C /* KYCRegisterResponse.swift in Sources */,
				13BF542829104B1600C94201 /* RequestCardViewModel.swift in Sources */,
				404A8A1D294F955E00266334 /* Coordinator.swift in Sources */,
				4013FADE29083DB00018025F /* ACPCardSuccessViewController.swift in Sources */,
				400ABA2B28FF7F6000A6DCB6 /* KYCRegistrationBaseViewController.swift in Sources */,
				40251D46290DE0710083B89A /* ACPTransactionsCell.swift in Sources */,
				400ABA0228FF7F6000A6DCB6 /* ACPHomeScreenEligibilityHeaderView.swift in Sources */,
				404A8A7B2950134300266334 /* KYCService.swift in Sources */,
				400ABA0F28FF7F6000A6DCB6 /* String+ACP.swift in Sources */,
				400ABA0928FF7F6000A6DCB6 /* UICollectionView+ACP.swift in Sources */,
				400AB9F528FF7F6000A6DCB6 /* EligibilityFailViewController.swift in Sources */,
				404A8A7A2950134300266334 /* KYCVerifyEmailResponse.swift in Sources */,
				400ABA0D28FF7F6000A6DCB6 /* UITapGestureRecognizer+ACP.swift in Sources */,
				400ABA2828FF7F6000A6DCB6 /* KYCCheckCompleteViewController.swift in Sources */,
				404A8A39294F99BE00266334 /* LandingViewController.swift in Sources */,
				408E06B52957FE0900F0F96C /* TextField.swift in Sources */,
				408E06B12957FE0900F0F96C /* ShadowButton.swift in Sources */,
				408E06E0295BD91100F0F96C /* KYCRegistrationCompleteViewModel.swift in Sources */,
				40251D44290DE04C0083B89A /* ACPTransactionsViewController.swift in Sources */,
				4013FAEE2908A3A30018025F /* UINavigationController+ACP.swift in Sources */,
				404A8A6829500F1500266334 /* EligibilityZipCodeView.swift in Sources */,
				400AB9F428FF7F6000A6DCB6 /* EligibilityDetailsAddressViewController.swift in Sources */,
				404A8A37294F994A00266334 /* TermsViewController.swift in Sources */,
				408E06E3295BDD7600F0F96C /* AuthManager.swift in Sources */,
				404A8A35294F979800266334 /* WelcomeViewController.swift in Sources */,
				404A8A16294F938F00266334 /* EligibilityResponse.swift in Sources */,
				1351CAB7296777CB00BF8C15 /* KYCDocumentViewModel.swift in Sources */,
				404A8A46294FD93300266334 /* EligibilityRegistrationViewController.swift in Sources */,
				408E06982957D57E00F0F96C /* LoginData.swift in Sources */,
				4013FAE7290844380018025F /* ACPEmptyWalletBalanceView.swift in Sources */,
				408E06AE2957FE0900F0F96C /* FocusableView.swift in Sources */,
				408E06AF2957FE0900F0F96C /* PickerView.swift in Sources */,
				408E06C02958B5B500F0F96C /* KYCModel.swift in Sources */,
				400ABA2128FF7F6000A6DCB6 /* KYCVerifyEmailViewController.swift in Sources */,
				408E06B32957FE0900F0F96C /* TermsAndPrivacyLabel.swift in Sources */,
				404A8A31294F979800266334 /* WelcomeCoordinator.swift in Sources */,
				400ABA2428FF7F6000A6DCB6 /* KYCIdentityProofViewController.swift in Sources */,
				404A8A18294F938F00266334 /* EligibilityServiceEndpoint.swift in Sources */,
				400ABA1028FF7F6000A6DCB6 /* AppDelegate.swift in Sources */,
				404A8A20294F975F00266334 /* EligibilityModel.swift in Sources */,
				400ABA0728FF7F6000A6DCB6 /* UITextField+ACP.swift in Sources */,
				4013FAEA29085B220018025F /* ACPDebitCardView.swift in Sources */,
				400AB9F828FF7F6000A6DCB6 /* EligibilityDetailsViewController.swift in Sources */,
				404A8A60294FFF5400266334 /* LoginResponse.swift in Sources */,
				404A8A00294E61B700266334 /* UIAlertController+ACP.swift in Sources */,
				400ABA2528FF7F6000A6DCB6 /* KYCSelfieViewController.swift in Sources */,
				404A8A3D294FAD3800266334 /* EligibilityZipCodeViewController.swift in Sources */,
				133F86922908714E00663815 /* ApplyForServiceView.swift in Sources */,
				404A8A4C294FF6DC00266334 /* EligibilityRegistrationSuccessViewModel.swift in Sources */,
				408E06AC2957FE0900F0F96C /* TabMenuTitleCell.swift in Sources */,
				404A8A4A294FF63500266334 /* EligibilityRegistrationSuccessViewController.swift in Sources */,
				40251D41290CD2840083B89A /* ACPCardModel.swift in Sources */,
				400AB9F228FF7F6000A6DCB6 /* EligibilityDetailsNameViewController.swift in Sources */,
				408E06DE295BD58800F0F96C /* KYCRegisterData.swift in Sources */,
				133F868F290870EC00663815 /* ApplyACPViewController.swift in Sources */,
				400AB9F728FF7F6000A6DCB6 /* EligibilityVerifyViewController.swift in Sources */,
				400ABA0C28FF7F6000A6DCB6 /* UIViewController+ACP.swift in Sources */,
				133F86942908715900663815 /* ApplyForServiceViewController.swift in Sources */,
				400ABA0828FF7F6000A6DCB6 /* UITableView+ACP.swift in Sources */,
				404A8A3B294F9F8C00266334 /* EligibilityCheckViewController.swift in Sources */,
				400ABA0E28FF7F6000A6DCB6 /* UIColor+ACP.swift in Sources */,
				408E06B62957FE0900F0F96C /* BorderedView.swift in Sources */,
				400ABA2928FF7F6000A6DCB6 /* KYCBankInfoViewController.swift in Sources */,
				133F868D29086E6E00663815 /* ApplyACPView.swift in Sources */,
				404A8A48294FDB3600266334 /* EligibilityRegistrationViewModel.swift in Sources */,
				404A8A7C2950134300266334 /* KYCServiceEndpoint.swift in Sources */,
				403AD22029075B0600C6D556 /* ACPHomeScreenTabViewController.swift in Sources */,
				408E06B92957FF7A00F0F96C /* KYCRegistrationStartViewController.swift in Sources */,
				400ABA0428FF7F6000A6DCB6 /* ACPHomeScreenViewController.swift in Sources */,
				404A89F5294E4AE900266334 /* UIStackView+ACP.swift in Sources */,
				400AB9F328FF7F6000A6DCB6 /* EligibilityDetailsDOBViewController.swift in Sources */,
				408E06AB2957FE0900F0F96C /* TabMenuDotCell.swift in Sources */,
				404A8A792950134300266334 /* KYCCoordinator.swift in Sources */,
				400ABA2E28FF7F6000A6DCB6 /* Router.swift in Sources */,
				408E06B22957FE0900F0F96C /* ImageButton.swift in Sources */,
				4013FAEC290892810018025F /* UIButton+ACP.swift in Sources */,
				408E06AD2957FE0900F0F96C /* TabMenuViewController.swift in Sources */,
				408E06BB2958004D00F0F96C /* KYCRegistrationStartViewModel.swift in Sources */,
				404A8A15294F938F00266334 /* EligibilityCoordinator.swift in Sources */,
				408E06BE295802FB00F0F96C /* KYCRegistrationViewModel.swift in Sources */,
				408E06B42957FE0900F0F96C /* TableView.swift in Sources */,
				404A8A4E294FF92500266334 /* EligibilityRegistrationResponse.swift in Sources */,
				404A8A14294F938F00266334 /* EligibilityDetailsViewModel.swift in Sources */,
				408E06B72957FE0900F0F96C /* NavigationController.swift in Sources */,
				400ABA0B28FF7F6000A6DCB6 /* NSMutableParagraphStyle+ACP.swift in Sources */,
				404A8A17294F938F00266334 /* EligibilityService.swift in Sources */,
				400ABA2328FF7F6000A6DCB6 /* KYCPersonalInfoDetailsViewController.swift in Sources */,
				404A8A1B294F94FD00266334 /* AppCoordinator.swift in Sources */,
				404A8A5E294FFF5400266334 /* LoginViewModel.swift in Sources */,
				400ABA0528FF7F6000A6DCB6 /* ACPHomeScreenHeaderView.swift in Sources */,
				400AB9F628FF7F6000A6DCB6 /* EligibilitySuccessViewController.swift in Sources */,
				400ABA0328FF7F6000A6DCB6 /* ACPHomeScreenProgramCell.swift in Sources */,
				404A8A63294FFF5400266334 /* LoginViewController.swift in Sources */,
				400ABA2228FF7F6000A6DCB6 /* KYCVerifyEmailKeyboardView.swift in Sources */,
				404A8A30294F979800266334 /* WelcomeViewModel.swift in Sources */,
				404A8A61294FFF5400266334 /* LoginServiceEndpoint.swift in Sources */,
				404A8A6529500C7200266334 /* EligibilityZipCodeViewModel.swift in Sources */,
				1351CABA2967979D00BF8C15 /* KYCDocumentsViewModel.swift in Sources */,
				400ABA2028FF7F6000A6DCB6 /* KYCVerifyEmailCodeView.swift in Sources */,
				13581443290F2B1500612D8B /* RequestCardViewController.swift in Sources */,
				403AD22329075B6400C6D556 /* ACPHomeScreenTabViewModel.swift in Sources */,
				133F868A29086DC400663815 /* ACPSuccesViewController.swift in Sources */,
				400ABA2F28FF7F6000A6DCB6 /* Endpoint.swift in Sources */,
				400ABA2628FF7F6000A6DCB6 /* KYCScanIDViewController.swift in Sources */,
				408E06AA2957FE0900F0F96C /* TabMenuImageCell.swift in Sources */,
				4013FAE12908427F0018025F /* ACPEmptyWalletViewController.swift in Sources */,
				400ABA0628FF7F6000A6DCB6 /* UIResponder+ACP.swift in Sources */,
				404A8A40294FB1A100266334 /* EligibilityVerifyViewModel.swift in Sources */,
				404A8A44294FBBA800266334 /* EligibilityFailViewModel.swift in Sources */,
				408E06D9295BCB4800F0F96C /* KYCVerifyEmailData.swift in Sources */,
				404A8A62294FFF5400266334 /* LoginService.swift in Sources */,
				404A8A42294FBB9800266334 /* EligibilitySuccessViewModel.swift in Sources */,
				400ABA2728FF7F6000A6DCB6 /* KYCVerificationViewController.swift in Sources */,
				4013FAE32908428A0018025F /* ACPWalletViewController.swift in Sources */,
				400ABA352900413D00A6DCB6 /* KYCRegistrationCompleteViewController.swift in Sources */,
				408E06B02957FE0900F0F96C /* CircleLoadingBarView.swift in Sources */,
			);
			runOnlyForDeploymentPostprocessing = 0;
		};
/* End PBXSourcesBuildPhase section */

/* Begin PBXVariantGroup section */
		40B5EDD928E224F40096B91B /* LaunchScreen.storyboard */ = {
			isa = PBXVariantGroup;
			children = (
				40B5EDDA28E224F40096B91B /* Base */,
			);
			name = LaunchScreen.storyboard;
			sourceTree = "<group>";
		};
/* End PBXVariantGroup section */

/* Begin XCBuildConfiguration section */
		40B5EDF328E224F40096B91B /* Debug */ = {
			isa = XCBuildConfiguration;
			buildSettings = {
				ALWAYS_SEARCH_USER_PATHS = NO;
				CLANG_ANALYZER_NONNULL = YES;
				CLANG_ANALYZER_NUMBER_OBJECT_CONVERSION = YES_AGGRESSIVE;
				CLANG_CXX_LANGUAGE_STANDARD = "gnu++17";
				CLANG_ENABLE_MODULES = YES;
				CLANG_ENABLE_OBJC_ARC = YES;
				CLANG_ENABLE_OBJC_WEAK = YES;
				CLANG_WARN_BLOCK_CAPTURE_AUTORELEASING = YES;
				CLANG_WARN_BOOL_CONVERSION = YES;
				CLANG_WARN_COMMA = YES;
				CLANG_WARN_CONSTANT_CONVERSION = YES;
				CLANG_WARN_DEPRECATED_OBJC_IMPLEMENTATIONS = YES;
				CLANG_WARN_DIRECT_OBJC_ISA_USAGE = YES_ERROR;
				CLANG_WARN_DOCUMENTATION_COMMENTS = YES;
				CLANG_WARN_EMPTY_BODY = YES;
				CLANG_WARN_ENUM_CONVERSION = YES;
				CLANG_WARN_INFINITE_RECURSION = YES;
				CLANG_WARN_INT_CONVERSION = YES;
				CLANG_WARN_NON_LITERAL_NULL_CONVERSION = YES;
				CLANG_WARN_OBJC_IMPLICIT_RETAIN_SELF = YES;
				CLANG_WARN_OBJC_LITERAL_CONVERSION = YES;
				CLANG_WARN_OBJC_ROOT_CLASS = YES_ERROR;
				CLANG_WARN_QUOTED_INCLUDE_IN_FRAMEWORK_HEADER = YES;
				CLANG_WARN_RANGE_LOOP_ANALYSIS = YES;
				CLANG_WARN_STRICT_PROTOTYPES = YES;
				CLANG_WARN_SUSPICIOUS_MOVE = YES;
				CLANG_WARN_UNGUARDED_AVAILABILITY = YES_AGGRESSIVE;
				CLANG_WARN_UNREACHABLE_CODE = YES;
				CLANG_WARN__DUPLICATE_METHOD_MATCH = YES;
				COPY_PHASE_STRIP = NO;
				DEBUG_INFORMATION_FORMAT = dwarf;
				ENABLE_STRICT_OBJC_MSGSEND = YES;
				ENABLE_TESTABILITY = YES;
				GCC_C_LANGUAGE_STANDARD = gnu11;
				GCC_DYNAMIC_NO_PIC = NO;
				GCC_NO_COMMON_BLOCKS = YES;
				GCC_OPTIMIZATION_LEVEL = 0;
				GCC_PREPROCESSOR_DEFINITIONS = (
					"DEBUG=1",
					"$(inherited)",
				);
				GCC_WARN_64_TO_32_BIT_CONVERSION = YES;
				GCC_WARN_ABOUT_RETURN_TYPE = YES_ERROR;
				GCC_WARN_UNDECLARED_SELECTOR = YES;
				GCC_WARN_UNINITIALIZED_AUTOS = YES_AGGRESSIVE;
				GCC_WARN_UNUSED_FUNCTION = YES;
				GCC_WARN_UNUSED_VARIABLE = YES;
				IPHONEOS_DEPLOYMENT_TARGET = 12.4;
				MTL_ENABLE_DEBUG_INFO = INCLUDE_SOURCE;
				MTL_FAST_MATH = YES;
				ONLY_ACTIVE_ARCH = YES;
				SDKROOT = iphoneos;
				SWIFT_ACTIVE_COMPILATION_CONDITIONS = DEBUG;
				SWIFT_OPTIMIZATION_LEVEL = "-Onone";
			};
			name = Debug;
		};
		40B5EDF428E224F40096B91B /* Release */ = {
			isa = XCBuildConfiguration;
			buildSettings = {
				ALWAYS_SEARCH_USER_PATHS = NO;
				CLANG_ANALYZER_NONNULL = YES;
				CLANG_ANALYZER_NUMBER_OBJECT_CONVERSION = YES_AGGRESSIVE;
				CLANG_CXX_LANGUAGE_STANDARD = "gnu++17";
				CLANG_ENABLE_MODULES = YES;
				CLANG_ENABLE_OBJC_ARC = YES;
				CLANG_ENABLE_OBJC_WEAK = YES;
				CLANG_WARN_BLOCK_CAPTURE_AUTORELEASING = YES;
				CLANG_WARN_BOOL_CONVERSION = YES;
				CLANG_WARN_COMMA = YES;
				CLANG_WARN_CONSTANT_CONVERSION = YES;
				CLANG_WARN_DEPRECATED_OBJC_IMPLEMENTATIONS = YES;
				CLANG_WARN_DIRECT_OBJC_ISA_USAGE = YES_ERROR;
				CLANG_WARN_DOCUMENTATION_COMMENTS = YES;
				CLANG_WARN_EMPTY_BODY = YES;
				CLANG_WARN_ENUM_CONVERSION = YES;
				CLANG_WARN_INFINITE_RECURSION = YES;
				CLANG_WARN_INT_CONVERSION = YES;
				CLANG_WARN_NON_LITERAL_NULL_CONVERSION = YES;
				CLANG_WARN_OBJC_IMPLICIT_RETAIN_SELF = YES;
				CLANG_WARN_OBJC_LITERAL_CONVERSION = YES;
				CLANG_WARN_OBJC_ROOT_CLASS = YES_ERROR;
				CLANG_WARN_QUOTED_INCLUDE_IN_FRAMEWORK_HEADER = YES;
				CLANG_WARN_RANGE_LOOP_ANALYSIS = YES;
				CLANG_WARN_STRICT_PROTOTYPES = YES;
				CLANG_WARN_SUSPICIOUS_MOVE = YES;
				CLANG_WARN_UNGUARDED_AVAILABILITY = YES_AGGRESSIVE;
				CLANG_WARN_UNREACHABLE_CODE = YES;
				CLANG_WARN__DUPLICATE_METHOD_MATCH = YES;
				COPY_PHASE_STRIP = NO;
				DEBUG_INFORMATION_FORMAT = "dwarf-with-dsym";
				ENABLE_NS_ASSERTIONS = NO;
				ENABLE_STRICT_OBJC_MSGSEND = YES;
				GCC_C_LANGUAGE_STANDARD = gnu11;
				GCC_NO_COMMON_BLOCKS = YES;
				GCC_WARN_64_TO_32_BIT_CONVERSION = YES;
				GCC_WARN_ABOUT_RETURN_TYPE = YES_ERROR;
				GCC_WARN_UNDECLARED_SELECTOR = YES;
				GCC_WARN_UNINITIALIZED_AUTOS = YES_AGGRESSIVE;
				GCC_WARN_UNUSED_FUNCTION = YES;
				GCC_WARN_UNUSED_VARIABLE = YES;
				IPHONEOS_DEPLOYMENT_TARGET = 12.4;
				MTL_ENABLE_DEBUG_INFO = NO;
				MTL_FAST_MATH = YES;
				SDKROOT = iphoneos;
				SWIFT_COMPILATION_MODE = wholemodule;
				SWIFT_OPTIMIZATION_LEVEL = "-O";
				VALIDATE_PRODUCT = YES;
			};
			name = Release;
		};
		40B5EDF628E224F40096B91B /* Debug */ = {
			isa = XCBuildConfiguration;
			baseConfigurationReference = 687DCBFD8B005412AF06BEDD /* Pods-ACP-mobile.debug.xcconfig */;
			buildSettings = {
				ASSETCATALOG_COMPILER_APPICON_NAME = AppIcon;
				ASSETCATALOG_COMPILER_GLOBAL_ACCENT_COLOR_NAME = AccentColor;
				CODE_SIGN_STYLE = Manual;
				CURRENT_PROJECT_VERSION = 1;
				DEVELOPMENT_TEAM = "";
				GENERATE_INFOPLIST_FILE = YES;
				INFOPLIST_FILE = "ACP-mobile/Resources/Info.plist";
				INFOPLIST_KEY_CFBundleDisplayName = ACP;
				INFOPLIST_KEY_UIApplicationSupportsIndirectInputEvents = YES;
				INFOPLIST_KEY_UILaunchStoryboardName = LaunchScreen;
				INFOPLIST_KEY_UISupportedInterfaceOrientations = UIInterfaceOrientationPortrait;
				INFOPLIST_KEY_UISupportedInterfaceOrientations_iPad = "UIInterfaceOrientationPortrait UIInterfaceOrientationPortraitUpsideDown UIInterfaceOrientationLandscapeLeft UIInterfaceOrientationLandscapeRight";
				INFOPLIST_KEY_UISupportedInterfaceOrientations_iPhone = UIInterfaceOrientationPortrait;
				INFOPLIST_KEY_UIUserInterfaceStyle = Light;
				IPHONEOS_DEPLOYMENT_TARGET = 12.4;
				LD_RUNPATH_SEARCH_PATHS = (
					"$(inherited)",
					"@executable_path/Frameworks",
				);
				MARKETING_VERSION = 1.0.1;
				PRODUCT_BUNDLE_IDENTIFIER = com.zlatan.acp;
				PRODUCT_NAME = "$(TARGET_NAME)";
				PROVISIONING_PROFILE_SPECIFIER = "";
				SWIFT_EMIT_LOC_STRINGS = YES;
				SWIFT_VERSION = 5.0;
				TARGETED_DEVICE_FAMILY = 1;
			};
			name = Debug;
		};
		40B5EDF728E224F40096B91B /* Release */ = {
			isa = XCBuildConfiguration;
			baseConfigurationReference = 1301AD36DE072905C940D450 /* Pods-ACP-mobile.release.xcconfig */;
			buildSettings = {
				ASSETCATALOG_COMPILER_APPICON_NAME = AppIcon;
				ASSETCATALOG_COMPILER_GLOBAL_ACCENT_COLOR_NAME = AccentColor;
				CODE_SIGN_STYLE = Manual;
				CURRENT_PROJECT_VERSION = 1;
				DEVELOPMENT_TEAM = "";
				GENERATE_INFOPLIST_FILE = YES;
				INFOPLIST_FILE = "ACP-mobile/Resources/Info.plist";
				INFOPLIST_KEY_CFBundleDisplayName = ACP;
				INFOPLIST_KEY_UIApplicationSupportsIndirectInputEvents = YES;
				INFOPLIST_KEY_UILaunchStoryboardName = LaunchScreen;
				INFOPLIST_KEY_UISupportedInterfaceOrientations = UIInterfaceOrientationPortrait;
				INFOPLIST_KEY_UISupportedInterfaceOrientations_iPad = "UIInterfaceOrientationPortrait UIInterfaceOrientationPortraitUpsideDown UIInterfaceOrientationLandscapeLeft UIInterfaceOrientationLandscapeRight";
				INFOPLIST_KEY_UISupportedInterfaceOrientations_iPhone = UIInterfaceOrientationPortrait;
				INFOPLIST_KEY_UIUserInterfaceStyle = Light;
				IPHONEOS_DEPLOYMENT_TARGET = 12.4;
				LD_RUNPATH_SEARCH_PATHS = (
					"$(inherited)",
					"@executable_path/Frameworks",
				);
				MARKETING_VERSION = 1.0.1;
				PRODUCT_BUNDLE_IDENTIFIER = com.zlatan.acp;
				PRODUCT_NAME = "$(TARGET_NAME)";
				PROVISIONING_PROFILE_SPECIFIER = "";
				SWIFT_EMIT_LOC_STRINGS = YES;
				SWIFT_VERSION = 5.0;
				TARGETED_DEVICE_FAMILY = 1;
			};
			name = Release;
		};
/* End XCBuildConfiguration section */

/* Begin XCConfigurationList section */
		40B5EDC628E224F20096B91B /* Build configuration list for PBXProject "ACP-mobile" */ = {
			isa = XCConfigurationList;
			buildConfigurations = (
				40B5EDF328E224F40096B91B /* Debug */,
				40B5EDF428E224F40096B91B /* Release */,
			);
			defaultConfigurationIsVisible = 0;
			defaultConfigurationName = Release;
		};
		40B5EDF528E224F40096B91B /* Build configuration list for PBXNativeTarget "ACP-mobile" */ = {
			isa = XCConfigurationList;
			buildConfigurations = (
				40B5EDF628E224F40096B91B /* Debug */,
				40B5EDF728E224F40096B91B /* Release */,
			);
			defaultConfigurationIsVisible = 0;
			defaultConfigurationName = Release;
		};
/* End XCConfigurationList section */
	};
	rootObject = 40B5EDC328E224F20096B91B /* Project object */;
}
